
Microsoft Visual Studio Solution File, Format Version 12.00
# Visual Studio Version 17
VisualStudioVersion = 17.5.2.0
MinimumVisualStudioVersion = 10.0.40219.1
Project("{FAE04EC0-301F-11D3-BF4B-00C04F79EFBC}") = "Maths.Distance", "projects\Maths.Distance\Maths.Distance.csproj", "{A1B2C3D4-E5F6-7890-1234-56789ABCDEF0}"
EndProject
Project("{2150E333-8FDC-42A3-9474-1A3956D46DE8}") = "projects", "projects", "{827E0CD3-B72D-47B6-A68D-7590B98EB39B}"
EndProject
Project("{FAE04EC0-301F-11D3-BF4B-00C04F79EFBC}") = "Hashish", "projects\Hashish\Hashish.csproj", "{1A49DFCF-26FE-5C94-962C-B8495F8C0016}"
EndProject
Project("{FAE04EC0-301F-11D3-BF4B-00C04F79EFBC}") = "VizCore", "projects\VizCore\VizCore.csproj", "{93975713-56E5-464A-8263-9D5A90DF1F15}"
EndProject
Project("{FAE04EC0-301F-11D3-BF4B-00C04F79EFBC}") = "VizApi", "projects\VizApi\VizApi.csproj", "{135A9F7D-D058-44FE-A9D1-266E3E9B23CE}"
EndProject
Project("{FAE04EC0-301F-11D3-BF4B-00C04F79EFBC}") = "Graphs.Primitives", "projects\Graphs.Primitives\Graphs.Primitives.csproj", "{DDA9CD74-7357-4AD3-BA53-362C54E26EAC}"
EndProject
Project("{FAE04EC0-301F-11D3-BF4B-00C04F79EFBC}") = "Clustering.Graphical.SPC", "projects\Clustering.Graphical.SPC\Clustering.Graphical.SPC.csproj", "{E23D7649-668A-4C88-9DE7-D4CA9135A058}"
EndProject
Project("{FAE04EC0-301F-11D3-BF4B-00C04F79EFBC}") = "Graphs.Proximity", "projects\Graphs.Proximity\Graphs.Proximity.csproj", "{75430043-593E-4505-B287-68A43CB93F0C}"
EndProject
Project("{FAE04EC0-301F-11D3-BF4B-00C04F79EFBC}") = "Graphs.Coupling", "projects\Graphs.Coupling\Graphs.Coupling.csproj", "{76F3A22F-D138-4183-A9B4-64EBD5AC7D68}"
EndProject
Project("{FAE04EC0-301F-11D3-BF4B-00C04F79EFBC}") = "TDA.Mapper", "projects\TDA.Mapper\TDA.Mapper.csproj", "{F12ED0A4-EA07-42A2-A9B1-7050817AE008}"
EndProject
Project("{FAE04EC0-301F-11D3-BF4B-00C04F79EFBC}") = "Graphs.Distance", "projects\Graphs.Distance\Graphs.Distance.csproj", "{D03D10D7-2FFC-4050-BC3E-AE3A4FCD24C0}"
EndProject
Project("{FAE04EC0-301F-11D3-BF4B-00C04F79EFBC}") = "Maths.Rng", "projects\Maths.Rng\Maths.Rng.csproj", "{E61A1F9D-A23A-4C9C-B02B-C59C2D587A81}"
EndProject
Project("{FAE04EC0-301F-11D3-BF4B-00C04F79EFBC}") = "Maths.LinAlg", "projects\Maths.LinAlg\Maths.LinAlg.csproj", "{D0D224A2-9824-4C62-B142-5EE74607D4E5}"
EndProject
Project("{FAE04EC0-301F-11D3-BF4B-00C04F79EFBC}") = "Maths.Geometry", "projects\Maths.Geometry\Maths.Geometry.csproj", "{8B360C9A-3D1C-4B22-AF10-083B3EB60821}"
EndProject
Project("{FAE04EC0-301F-11D3-BF4B-00C04F79EFBC}") = "Maths.Information", "projects\Maths.Information\Maths.Information.csproj", "{D95E651F-29A1-4A42-9AD6-D37D7043B635}"
EndProject
Project("{FAE04EC0-301F-11D3-BF4B-00C04F79EFBC}") = "Spc.BlattAnalyze", "tests\Spc.BlattAnalyze\Spc.BlattAnalyze.csproj", "{E45ACE65-1372-4FF2-9464-BE5E9B899EAA}"
EndProject
Project("{FAE04EC0-301F-11D3-BF4B-00C04F79EFBC}") = "Spc.BlattSmoke", "tests\Spc.BlattSmoke\Spc.BlattSmoke.csproj", "{ECA3B0B7-2308-48F4-B199-8AAD00D434B1}"
EndProject
Project("{FAE04EC0-301F-11D3-BF4B-00C04F79EFBC}") = "Spc.HyperbolicSmoke", "tests\Spc.HyperbolicSmoke\Spc.HyperbolicSmoke.csproj", "{56F3B94B-1C64-4F15-B0D4-A71CF19A81FC}"
EndProject
Project("{FAE04EC0-301F-11D3-BF4B-00C04F79EFBC}") = "TDA.Mapper.Tests", "tests\TDA.Mapper.Tests\TDA.Mapper.Tests.csproj", "{E0B20132-D75A-4A2F-8E1E-6D1ABB85C1C0}"
EndProject
Project("{FAE04EC0-301F-11D3-BF4B-00C04F79EFBC}") = "VizCoreSmoke", "tests\VizCoreSmoke\VizCoreSmoke.csproj", "{D2A8392D-3D35-4BAB-AE84-56A2B0FD05E5}"
EndProject
Project("{FAE04EC0-301F-11D3-BF4B-00C04F79EFBC}") = "Synthetic", "projects\Synthetic\Synthetic.csproj", "{16E2629F-A169-490F-B7DD-DAA8159761D3}"
EndProject
Project("{FAE04EC0-301F-11D3-BF4B-00C04F79EFBC}") = "VizCore.Tests", "tests\VizCore.Tests\VizCore.Tests.csproj", "{8EA6B607-4F41-4E35-9BC1-6C60E563A011}"
EndProject
Project("{2150E333-8FDC-42A3-9474-1A3956D46DE8}") = "test-infra", "test-infra", "{2F57E1EA-BE74-4F6B-887E-F8D89D5A7D07}"
	ProjectSection(SolutionItems) = preProject
		tests\Directory.Build.targets = tests\Directory.Build.targets
		tests\HarnessArtifacts.cs = tests\HarnessArtifacts.cs
	EndProjectSection
EndProject
Project("{FAE04EC0-301F-11D3-BF4B-00C04F79EFBC}") = "TestHarness.Runner", "projects\TestHarness.Runner\TestHarness.Runner.csproj", "{5F4EBDEC-17D2-44A3-831B-22F8ED1931E7}"
EndProject
Project("{FAE04EC0-301F-11D3-BF4B-00C04F79EFBC}") = "RepoAudit", "projects\RepoAudit\RepoAudit.csproj", "{F4773A5B-35FA-4984-8A8F-6D1248E13CA7}"
EndProject
Project("{FAE04EC0-301F-11D3-BF4B-00C04F79EFBC}") = "Clustering.Evaluation", "projects\Clustering.Evaluation\Clustering.Evaluation.csproj", "{5CC105A5-2AEB-463B-9A8F-4186D0EC2074}"
EndProject
Project("{FAE04EC0-301F-11D3-BF4B-00C04F79EFBC}") = "Clustering.Dendrograms", "projects\Clustering.Dendrograms\Clustering.Dendrograms.csproj", "{C5D81234-D3ED-4F08-9D7B-7CA4F1A5B2D3}"
EndProject
Project("{FAE04EC0-301F-11D3-BF4B-00C04F79EFBC}") = "Clustering.Statistical.GMM", "projects\Clustering.Statistical.GMM\Clustering.Statistical.GMM.csproj", "{326A6CB3-F448-4DBF-884D-C38F049EC237}"
EndProject
Project("{FAE04EC0-301F-11D3-BF4B-00C04F79EFBC}") = "Clustering.Graphical.HdbScan", "projects\Clustering.Graphical.HdbScan\Clustering.Graphical.HdbScan.csproj", "{ADAA30ED-B8EE-4AA6-863F-7D3536B974B7}"
EndProject
Project("{FAE04EC0-301F-11D3-BF4B-00C04F79EFBC}") = "Clustering.Geometric.KMeans", "projects\Clustering.Geometric.KMeans\Clustering.Geometric.KMeans.csproj", "{45C496E5-3DFB-4C62-8BA5-FEFCF25A183A}"
EndProject
Project("{FAE04EC0-301F-11D3-BF4B-00C04F79EFBC}") = "Graphs.Spectral", "projects\Graphs.Spectral\Graphs.Spectral.csproj", "{27DE758B-6ECF-4DC4-8882-BB7019D457BD}"
EndProject
Project("{FAE04EC0-301F-11D3-BF4B-00C04F79EFBC}") = "Clustering.HdbScanSmoke", "tests\Clustering.HdbScanSmoke\Clustering.HdbScanSmoke.csproj", "{73341607-B8BB-479B-A9EC-497EB8CEE83C}"
EndProject
Project("{FAE04EC0-301F-11D3-BF4B-00C04F79EFBC}") = "Archivory.Tabular", "projects\Archivory.Tabular\Archivory.Tabular.csproj", "{C1F8D218-E6A7-4D4B-8A97-D1B86C6E5C97}"
EndProject
Project("{2150E333-8FDC-42A3-9474-1A3956D46DE8}") = "tests", "tests", "{CEA09484-30F6-4D44-02F6-822E06DBC57C}"
EndProject
Project("{FAE04EC0-301F-11D3-BF4B-00C04F79EFBC}") = "Archivory", "projects\Archivory\Archivory.csproj", "{6FA2D7FB-A23E-48DC-A19D-173FF8ACB855}"
EndProject
Project("{FAE04EC0-301F-11D3-BF4B-00C04F79EFBC}") = "UserRepl", "projects\UserRepl\UserRepl.csproj", "{229EB4DC-98A6-4461-A109-9C8620AD7EEC}"
EndProject
Project("{FAE04EC0-301F-11D3-BF4B-00C04F79EFBC}") = "UserRepl.Publish", "projects\UserRepl\UserRepl.Publish.csproj", "{7A01A8DD-5CCF-442F-9B69-481401F2B7AE}"
EndProject
Project("{FAE04EC0-301F-11D3-BF4B-00C04F79EFBC}") = "UserRepl.Commands", "projects\UserRepl.Commands\UserRepl.Commands.csproj", "{301B127D-58C7-48A9-83FD-3E10A95A5F5C}"
EndProject
Project("{FAE04EC0-301F-11D3-BF4B-00C04F79EFBC}") = "Graphs.Primitives.Tests", "tests\Graphs.Primitives.Tests\Graphs.Primitives.Tests.csproj", "{CDD2B6FF-7A55-4E85-8AFA-538ACDEB318E}"
EndProject
Project("{FAE04EC0-301F-11D3-BF4B-00C04F79EFBC}") = "Archivory.Jso", "projects\Archivory.Jso\Archivory.Jso.csproj", "{2B0B52B3-3597-47C1-96D5-D6C652C53223}"
EndProject
Project("{FAE04EC0-301F-11D3-BF4B-00C04F79EFBC}") = "RepoAudit.Tests", "tests\RepoAudit.Tests\RepoAudit.Tests.csproj", "{44C7A429-D91A-4CBC-A0F3-7B7DEBC3BF87}"
EndProject
Project("{FAE04EC0-301F-11D3-BF4B-00C04F79EFBC}") = "Clustering.Graphical.SPC.Tests", "tests\Clustering.Graphical.SPC.Tests\Clustering.Graphical.SPC.Tests.csproj", "{1F38A7A5-453D-4B6D-AC6A-84164776EAEC}"
EndProject
Project("{FAE04EC0-301F-11D3-BF4B-00C04F79EFBC}") = "Archivory.Tests", "tests\Archivory.Tests\Archivory.Tests.csproj", "{6C461445-B15E-4D18-8E65-306E9E02D7A8}"
EndProject
Project("{FAE04EC0-301F-11D3-BF4B-00C04F79EFBC}") = "Maths.Samplers", "projects\Maths.Samplers\Maths.Samplers.csproj", "{EA1DF6DE-B585-4631-9D00-0C65EE0B7BFA}"
EndProject
Project("{FAE04EC0-301F-11D3-BF4B-00C04F79EFBC}") = "Graphs.Models.Potts", "projects\Graphs.Models.Potts\Graphs.Models.Potts.csproj", "{7849EED1-838C-401F-AB87-83F00A64D819}"
EndProject
Project("{FAE04EC0-301F-11D3-BF4B-00C04F79EFBC}") = "Graphs.Observables", "projects\Graphs.Observables\Graphs.Observables.csproj", "{5037656F-39F9-4FE9-8052-A13858464805}"
EndProject
Project("{FAE04EC0-301F-11D3-BF4B-00C04F79EFBC}") = "Clustering.Primitives", "projects\Clustering.Primitives\Clustering.Primitives.csproj", "{008291CB-C2AE-4BC4-86FC-68E92331B390}"
EndProject
Project("{FAE04EC0-301F-11D3-BF4B-00C04F79EFBC}") = "Synthetic.Tests", "tests\Synthetic.Tests\Synthetic.Tests.csproj", "{C2BBBC9C-01C0-40BB-B377-ABD6870C99ED}"
EndProject
Project("{FAE04EC0-301F-11D3-BF4B-00C04F79EFBC}") = "Maths.Regression", "projects\Maths.Regression\Maths.Regression.csproj", "{EAA51915-5155-4E54-BA73-4C5A724B5A10}"
EndProject
Project("{FAE04EC0-301F-11D3-BF4B-00C04F79EFBC}") = "Maths.Regression.Tests", "tests\Maths.Regression.Tests\Maths.Regression.Tests.csproj", "{186B2DD8-D92F-4106-9369-E8023F8FDC42}"
EndProject
Project("{FAE04EC0-301F-11D3-BF4B-00C04F79EFBC}") = "Maths.Distributions", "projects\Maths.Distributions\Maths.Distributions.csproj", "{5674801F-901F-4506-B41E-3EC4C96FE368}"
EndProject
Project("{FAE04EC0-301F-11D3-BF4B-00C04F79EFBC}") = "Maths.Distributions.Tests", "tests\Maths.Distributions.Tests\Maths.Distributions.Tests.csproj", "{D6F66AED-223D-4513-AC48-160FE489A689}"
EndProject
Project("{FAE04EC0-301F-11D3-BF4B-00C04F79EFBC}") = "Maths.LinAlg.Tests", "tests\Maths.LinAlg.Tests\Maths.LinAlg.Tests.csproj", "{74E2C7B9-62E3-4277-8920-5A940682EEE0}"
EndProject
Project("{FAE04EC0-301F-11D3-BF4B-00C04F79EFBC}") = "Maths.Distance.Tests", "tests\Maths.Distance.Tests\Maths.Distance.Tests.csproj", "{C593C9E4-89DC-41A4-AAE4-DF5627EC3138}"
EndProject
Project("{FAE04EC0-301F-11D3-BF4B-00C04F79EFBC}") = "Maths.Geometry.Tests", "tests\Maths.Geometry.Tests\Maths.Geometry.Tests.csproj", "{5F1DE3DC-C1E9-4B26-9EC5-A6AB48D2377F}"
EndProject
Project("{FAE04EC0-301F-11D3-BF4B-00C04F79EFBC}") = "Maths.Oracle.Tests", "tests\Maths.Oracle.Tests\Maths.Oracle.Tests.csproj", "{1AF0D11B-0E8E-49EA-BBD3-58E9D3FD7ADD}"
EndProject
Project("{FAE04EC0-301F-11D3-BF4B-00C04F79EFBC}") = "Maths.Topology", "projects\Maths.Topology\Maths.Topology.csproj", "{2C2A5CAE-DE31-44F5-8386-407B8F1BF429}"
EndProject
Project("{FAE04EC0-301F-11D3-BF4B-00C04F79EFBC}") = "Maths.Topology.Tests", "tests\Maths.Topology.Tests\Maths.Topology.Tests.csproj", "{0E2B5A94-29C5-4D5E-90BB-2A48B11C00F9}"
EndProject
Project("{FAE04EC0-301F-11D3-BF4B-00C04F79EFBC}") = "TDA.Ph", "projects\TDA.Ph\TDA.Ph.csproj", "{B963A89A-453E-4A1A-916B-163F02BE63EA}"
EndProject
Project("{FAE04EC0-301F-11D3-BF4B-00C04F79EFBC}") = "TDA.Ph.Tests", "tests\TDA.Ph.Tests\TDA.Ph.Tests.csproj", "{F958EF28-F715-4FB4-8A44-1324BD2F22EF}"
EndProject
Global
	GlobalSection(SolutionConfigurationPlatforms) = preSolution
		Debug|Any CPU = Debug|Any CPU
		Debug|x64 = Debug|x64
		Debug|x86 = Debug|x86
		Release|Any CPU = Release|Any CPU
		Release|x64 = Release|x64
		Release|x86 = Release|x86
	EndGlobalSection
	GlobalSection(ProjectConfigurationPlatforms) = postSolution
		{A1B2C3D4-E5F6-7890-1234-56789ABCDEF0}.Debug|Any CPU.ActiveCfg = Debug|Any CPU
		{A1B2C3D4-E5F6-7890-1234-56789ABCDEF0}.Debug|Any CPU.Build.0 = Debug|Any CPU
		{A1B2C3D4-E5F6-7890-1234-56789ABCDEF0}.Debug|x64.ActiveCfg = Debug|Any CPU
		{A1B2C3D4-E5F6-7890-1234-56789ABCDEF0}.Debug|x64.Build.0 = Debug|Any CPU
		{A1B2C3D4-E5F6-7890-1234-56789ABCDEF0}.Debug|x86.ActiveCfg = Debug|Any CPU
		{A1B2C3D4-E5F6-7890-1234-56789ABCDEF0}.Debug|x86.Build.0 = Debug|Any CPU
		{A1B2C3D4-E5F6-7890-1234-56789ABCDEF0}.Release|Any CPU.ActiveCfg = Release|Any CPU
		{A1B2C3D4-E5F6-7890-1234-56789ABCDEF0}.Release|Any CPU.Build.0 = Release|Any CPU
		{A1B2C3D4-E5F6-7890-1234-56789ABCDEF0}.Release|x64.ActiveCfg = Release|Any CPU
		{A1B2C3D4-E5F6-7890-1234-56789ABCDEF0}.Release|x64.Build.0 = Release|Any CPU
		{A1B2C3D4-E5F6-7890-1234-56789ABCDEF0}.Release|x86.ActiveCfg = Release|Any CPU
		{A1B2C3D4-E5F6-7890-1234-56789ABCDEF0}.Release|x86.Build.0 = Release|Any CPU
		{1A49DFCF-26FE-5C94-962C-B8495F8C0016}.Debug|Any CPU.ActiveCfg = Debug|Any CPU
		{1A49DFCF-26FE-5C94-962C-B8495F8C0016}.Debug|Any CPU.Build.0 = Debug|Any CPU
		{1A49DFCF-26FE-5C94-962C-B8495F8C0016}.Debug|x64.ActiveCfg = Debug|Any CPU
		{1A49DFCF-26FE-5C94-962C-B8495F8C0016}.Debug|x64.Build.0 = Debug|Any CPU
		{1A49DFCF-26FE-5C94-962C-B8495F8C0016}.Debug|x86.ActiveCfg = Debug|Any CPU
		{1A49DFCF-26FE-5C94-962C-B8495F8C0016}.Debug|x86.Build.0 = Debug|Any CPU
		{1A49DFCF-26FE-5C94-962C-B8495F8C0016}.Release|Any CPU.ActiveCfg = Release|Any CPU
		{1A49DFCF-26FE-5C94-962C-B8495F8C0016}.Release|Any CPU.Build.0 = Release|Any CPU
		{1A49DFCF-26FE-5C94-962C-B8495F8C0016}.Release|x64.ActiveCfg = Release|Any CPU
		{1A49DFCF-26FE-5C94-962C-B8495F8C0016}.Release|x64.Build.0 = Release|Any CPU
		{1A49DFCF-26FE-5C94-962C-B8495F8C0016}.Release|x86.ActiveCfg = Release|Any CPU
		{1A49DFCF-26FE-5C94-962C-B8495F8C0016}.Release|x86.Build.0 = Release|Any CPU
		{93975713-56E5-464A-8263-9D5A90DF1F15}.Debug|Any CPU.ActiveCfg = Debug|Any CPU
		{93975713-56E5-464A-8263-9D5A90DF1F15}.Debug|Any CPU.Build.0 = Debug|Any CPU
		{93975713-56E5-464A-8263-9D5A90DF1F15}.Debug|x64.ActiveCfg = Debug|Any CPU
		{93975713-56E5-464A-8263-9D5A90DF1F15}.Debug|x64.Build.0 = Debug|Any CPU
		{93975713-56E5-464A-8263-9D5A90DF1F15}.Debug|x86.ActiveCfg = Debug|Any CPU
		{93975713-56E5-464A-8263-9D5A90DF1F15}.Debug|x86.Build.0 = Debug|Any CPU
		{93975713-56E5-464A-8263-9D5A90DF1F15}.Release|Any CPU.ActiveCfg = Release|Any CPU
		{93975713-56E5-464A-8263-9D5A90DF1F15}.Release|Any CPU.Build.0 = Release|Any CPU
		{93975713-56E5-464A-8263-9D5A90DF1F15}.Release|x64.ActiveCfg = Release|Any CPU
		{93975713-56E5-464A-8263-9D5A90DF1F15}.Release|x64.Build.0 = Release|Any CPU
		{93975713-56E5-464A-8263-9D5A90DF1F15}.Release|x86.ActiveCfg = Release|Any CPU
		{93975713-56E5-464A-8263-9D5A90DF1F15}.Release|x86.Build.0 = Release|Any CPU
		{135A9F7D-D058-44FE-A9D1-266E3E9B23CE}.Debug|Any CPU.ActiveCfg = Debug|Any CPU
		{135A9F7D-D058-44FE-A9D1-266E3E9B23CE}.Debug|Any CPU.Build.0 = Debug|Any CPU
		{135A9F7D-D058-44FE-A9D1-266E3E9B23CE}.Debug|x64.ActiveCfg = Debug|Any CPU
		{135A9F7D-D058-44FE-A9D1-266E3E9B23CE}.Debug|x64.Build.0 = Debug|Any CPU
		{135A9F7D-D058-44FE-A9D1-266E3E9B23CE}.Debug|x86.ActiveCfg = Debug|Any CPU
		{135A9F7D-D058-44FE-A9D1-266E3E9B23CE}.Debug|x86.Build.0 = Debug|Any CPU
		{135A9F7D-D058-44FE-A9D1-266E3E9B23CE}.Release|Any CPU.ActiveCfg = Release|Any CPU
		{135A9F7D-D058-44FE-A9D1-266E3E9B23CE}.Release|Any CPU.Build.0 = Release|Any CPU
		{135A9F7D-D058-44FE-A9D1-266E3E9B23CE}.Release|x64.ActiveCfg = Release|Any CPU
		{135A9F7D-D058-44FE-A9D1-266E3E9B23CE}.Release|x64.Build.0 = Release|Any CPU
		{135A9F7D-D058-44FE-A9D1-266E3E9B23CE}.Release|x86.ActiveCfg = Release|Any CPU
		{135A9F7D-D058-44FE-A9D1-266E3E9B23CE}.Release|x86.Build.0 = Release|Any CPU
		{DDA9CD74-7357-4AD3-BA53-362C54E26EAC}.Debug|Any CPU.ActiveCfg = Debug|Any CPU
		{DDA9CD74-7357-4AD3-BA53-362C54E26EAC}.Debug|Any CPU.Build.0 = Debug|Any CPU
		{DDA9CD74-7357-4AD3-BA53-362C54E26EAC}.Debug|x64.ActiveCfg = Debug|Any CPU
		{DDA9CD74-7357-4AD3-BA53-362C54E26EAC}.Debug|x64.Build.0 = Debug|Any CPU
		{DDA9CD74-7357-4AD3-BA53-362C54E26EAC}.Debug|x86.ActiveCfg = Debug|Any CPU
		{DDA9CD74-7357-4AD3-BA53-362C54E26EAC}.Debug|x86.Build.0 = Debug|Any CPU
		{DDA9CD74-7357-4AD3-BA53-362C54E26EAC}.Release|Any CPU.ActiveCfg = Release|Any CPU
		{DDA9CD74-7357-4AD3-BA53-362C54E26EAC}.Release|Any CPU.Build.0 = Release|Any CPU
		{DDA9CD74-7357-4AD3-BA53-362C54E26EAC}.Release|x64.ActiveCfg = Release|Any CPU
		{DDA9CD74-7357-4AD3-BA53-362C54E26EAC}.Release|x64.Build.0 = Release|Any CPU
		{DDA9CD74-7357-4AD3-BA53-362C54E26EAC}.Release|x86.ActiveCfg = Release|Any CPU
		{DDA9CD74-7357-4AD3-BA53-362C54E26EAC}.Release|x86.Build.0 = Release|Any CPU
		{E23D7649-668A-4C88-9DE7-D4CA9135A058}.Debug|Any CPU.ActiveCfg = Debug|Any CPU
		{E23D7649-668A-4C88-9DE7-D4CA9135A058}.Debug|Any CPU.Build.0 = Debug|Any CPU
		{E23D7649-668A-4C88-9DE7-D4CA9135A058}.Debug|x64.ActiveCfg = Debug|Any CPU
		{E23D7649-668A-4C88-9DE7-D4CA9135A058}.Debug|x64.Build.0 = Debug|Any CPU
		{E23D7649-668A-4C88-9DE7-D4CA9135A058}.Debug|x86.ActiveCfg = Debug|Any CPU
		{E23D7649-668A-4C88-9DE7-D4CA9135A058}.Debug|x86.Build.0 = Debug|Any CPU
		{E23D7649-668A-4C88-9DE7-D4CA9135A058}.Release|Any CPU.ActiveCfg = Release|Any CPU
		{E23D7649-668A-4C88-9DE7-D4CA9135A058}.Release|Any CPU.Build.0 = Release|Any CPU
		{E23D7649-668A-4C88-9DE7-D4CA9135A058}.Release|x64.ActiveCfg = Release|Any CPU
		{E23D7649-668A-4C88-9DE7-D4CA9135A058}.Release|x64.Build.0 = Release|Any CPU
		{E23D7649-668A-4C88-9DE7-D4CA9135A058}.Release|x86.ActiveCfg = Release|Any CPU
		{E23D7649-668A-4C88-9DE7-D4CA9135A058}.Release|x86.Build.0 = Release|Any CPU
		{75430043-593E-4505-B287-68A43CB93F0C}.Debug|Any CPU.ActiveCfg = Debug|Any CPU
		{75430043-593E-4505-B287-68A43CB93F0C}.Debug|Any CPU.Build.0 = Debug|Any CPU
		{75430043-593E-4505-B287-68A43CB93F0C}.Debug|x64.ActiveCfg = Debug|Any CPU
		{75430043-593E-4505-B287-68A43CB93F0C}.Debug|x64.Build.0 = Debug|Any CPU
		{75430043-593E-4505-B287-68A43CB93F0C}.Debug|x86.ActiveCfg = Debug|Any CPU
		{75430043-593E-4505-B287-68A43CB93F0C}.Debug|x86.Build.0 = Debug|Any CPU
		{75430043-593E-4505-B287-68A43CB93F0C}.Release|Any CPU.ActiveCfg = Release|Any CPU
		{75430043-593E-4505-B287-68A43CB93F0C}.Release|Any CPU.Build.0 = Release|Any CPU
		{75430043-593E-4505-B287-68A43CB93F0C}.Release|x64.ActiveCfg = Release|Any CPU
		{75430043-593E-4505-B287-68A43CB93F0C}.Release|x64.Build.0 = Release|Any CPU
		{75430043-593E-4505-B287-68A43CB93F0C}.Release|x86.ActiveCfg = Release|Any CPU
		{75430043-593E-4505-B287-68A43CB93F0C}.Release|x86.Build.0 = Release|Any CPU
		{76F3A22F-D138-4183-A9B4-64EBD5AC7D68}.Debug|Any CPU.ActiveCfg = Debug|Any CPU
		{76F3A22F-D138-4183-A9B4-64EBD5AC7D68}.Debug|Any CPU.Build.0 = Debug|Any CPU
		{76F3A22F-D138-4183-A9B4-64EBD5AC7D68}.Debug|x64.ActiveCfg = Debug|Any CPU
		{76F3A22F-D138-4183-A9B4-64EBD5AC7D68}.Debug|x64.Build.0 = Debug|Any CPU
		{76F3A22F-D138-4183-A9B4-64EBD5AC7D68}.Debug|x86.ActiveCfg = Debug|Any CPU
		{76F3A22F-D138-4183-A9B4-64EBD5AC7D68}.Debug|x86.Build.0 = Debug|Any CPU
		{76F3A22F-D138-4183-A9B4-64EBD5AC7D68}.Release|Any CPU.ActiveCfg = Release|Any CPU
		{76F3A22F-D138-4183-A9B4-64EBD5AC7D68}.Release|Any CPU.Build.0 = Release|Any CPU
		{76F3A22F-D138-4183-A9B4-64EBD5AC7D68}.Release|x64.ActiveCfg = Release|Any CPU
		{76F3A22F-D138-4183-A9B4-64EBD5AC7D68}.Release|x64.Build.0 = Release|Any CPU
		{76F3A22F-D138-4183-A9B4-64EBD5AC7D68}.Release|x86.ActiveCfg = Release|Any CPU
		{76F3A22F-D138-4183-A9B4-64EBD5AC7D68}.Release|x86.Build.0 = Release|Any CPU
		{F12ED0A4-EA07-42A2-A9B1-7050817AE008}.Debug|Any CPU.ActiveCfg = Debug|Any CPU
		{F12ED0A4-EA07-42A2-A9B1-7050817AE008}.Debug|Any CPU.Build.0 = Debug|Any CPU
		{F12ED0A4-EA07-42A2-A9B1-7050817AE008}.Debug|x64.ActiveCfg = Debug|Any CPU
		{F12ED0A4-EA07-42A2-A9B1-7050817AE008}.Debug|x64.Build.0 = Debug|Any CPU
		{F12ED0A4-EA07-42A2-A9B1-7050817AE008}.Debug|x86.ActiveCfg = Debug|Any CPU
		{F12ED0A4-EA07-42A2-A9B1-7050817AE008}.Debug|x86.Build.0 = Debug|Any CPU
		{F12ED0A4-EA07-42A2-A9B1-7050817AE008}.Release|Any CPU.ActiveCfg = Release|Any CPU
		{F12ED0A4-EA07-42A2-A9B1-7050817AE008}.Release|Any CPU.Build.0 = Release|Any CPU
		{F12ED0A4-EA07-42A2-A9B1-7050817AE008}.Release|x64.ActiveCfg = Release|Any CPU
		{F12ED0A4-EA07-42A2-A9B1-7050817AE008}.Release|x64.Build.0 = Release|Any CPU
		{F12ED0A4-EA07-42A2-A9B1-7050817AE008}.Release|x86.ActiveCfg = Release|Any CPU
		{F12ED0A4-EA07-42A2-A9B1-7050817AE008}.Release|x86.Build.0 = Release|Any CPU
		{D03D10D7-2FFC-4050-BC3E-AE3A4FCD24C0}.Debug|Any CPU.ActiveCfg = Debug|Any CPU
		{D03D10D7-2FFC-4050-BC3E-AE3A4FCD24C0}.Debug|Any CPU.Build.0 = Debug|Any CPU
		{D03D10D7-2FFC-4050-BC3E-AE3A4FCD24C0}.Debug|x64.ActiveCfg = Debug|Any CPU
		{D03D10D7-2FFC-4050-BC3E-AE3A4FCD24C0}.Debug|x64.Build.0 = Debug|Any CPU
		{D03D10D7-2FFC-4050-BC3E-AE3A4FCD24C0}.Debug|x86.ActiveCfg = Debug|Any CPU
		{D03D10D7-2FFC-4050-BC3E-AE3A4FCD24C0}.Debug|x86.Build.0 = Debug|Any CPU
		{D03D10D7-2FFC-4050-BC3E-AE3A4FCD24C0}.Release|Any CPU.ActiveCfg = Release|Any CPU
		{D03D10D7-2FFC-4050-BC3E-AE3A4FCD24C0}.Release|Any CPU.Build.0 = Release|Any CPU
		{D03D10D7-2FFC-4050-BC3E-AE3A4FCD24C0}.Release|x64.ActiveCfg = Release|Any CPU
		{D03D10D7-2FFC-4050-BC3E-AE3A4FCD24C0}.Release|x64.Build.0 = Release|Any CPU
		{D03D10D7-2FFC-4050-BC3E-AE3A4FCD24C0}.Release|x86.ActiveCfg = Release|Any CPU
		{D03D10D7-2FFC-4050-BC3E-AE3A4FCD24C0}.Release|x86.Build.0 = Release|Any CPU
		{E61A1F9D-A23A-4C9C-B02B-C59C2D587A81}.Debug|Any CPU.ActiveCfg = Debug|Any CPU
		{E61A1F9D-A23A-4C9C-B02B-C59C2D587A81}.Debug|Any CPU.Build.0 = Debug|Any CPU
		{E61A1F9D-A23A-4C9C-B02B-C59C2D587A81}.Debug|x64.ActiveCfg = Debug|Any CPU
		{E61A1F9D-A23A-4C9C-B02B-C59C2D587A81}.Debug|x64.Build.0 = Debug|Any CPU
		{E61A1F9D-A23A-4C9C-B02B-C59C2D587A81}.Debug|x86.ActiveCfg = Debug|Any CPU
		{E61A1F9D-A23A-4C9C-B02B-C59C2D587A81}.Debug|x86.Build.0 = Debug|Any CPU
		{E61A1F9D-A23A-4C9C-B02B-C59C2D587A81}.Release|Any CPU.ActiveCfg = Release|Any CPU
		{E61A1F9D-A23A-4C9C-B02B-C59C2D587A81}.Release|Any CPU.Build.0 = Release|Any CPU
		{E61A1F9D-A23A-4C9C-B02B-C59C2D587A81}.Release|x64.ActiveCfg = Release|Any CPU
		{E61A1F9D-A23A-4C9C-B02B-C59C2D587A81}.Release|x64.Build.0 = Release|Any CPU
		{E61A1F9D-A23A-4C9C-B02B-C59C2D587A81}.Release|x86.ActiveCfg = Release|Any CPU
		{E61A1F9D-A23A-4C9C-B02B-C59C2D587A81}.Release|x86.Build.0 = Release|Any CPU
		{D0D224A2-9824-4C62-B142-5EE74607D4E5}.Debug|Any CPU.ActiveCfg = Debug|Any CPU
		{D0D224A2-9824-4C62-B142-5EE74607D4E5}.Debug|Any CPU.Build.0 = Debug|Any CPU
		{D0D224A2-9824-4C62-B142-5EE74607D4E5}.Debug|x64.ActiveCfg = Debug|Any CPU
		{D0D224A2-9824-4C62-B142-5EE74607D4E5}.Debug|x64.Build.0 = Debug|Any CPU
		{D0D224A2-9824-4C62-B142-5EE74607D4E5}.Debug|x86.ActiveCfg = Debug|Any CPU
		{D0D224A2-9824-4C62-B142-5EE74607D4E5}.Debug|x86.Build.0 = Debug|Any CPU
		{D0D224A2-9824-4C62-B142-5EE74607D4E5}.Release|Any CPU.ActiveCfg = Release|Any CPU
		{D0D224A2-9824-4C62-B142-5EE74607D4E5}.Release|Any CPU.Build.0 = Release|Any CPU
		{D0D224A2-9824-4C62-B142-5EE74607D4E5}.Release|x64.ActiveCfg = Release|Any CPU
		{D0D224A2-9824-4C62-B142-5EE74607D4E5}.Release|x64.Build.0 = Release|Any CPU
		{D0D224A2-9824-4C62-B142-5EE74607D4E5}.Release|x86.ActiveCfg = Release|Any CPU
		{D0D224A2-9824-4C62-B142-5EE74607D4E5}.Release|x86.Build.0 = Release|Any CPU
		{8B360C9A-3D1C-4B22-AF10-083B3EB60821}.Debug|Any CPU.ActiveCfg = Debug|Any CPU
		{8B360C9A-3D1C-4B22-AF10-083B3EB60821}.Debug|Any CPU.Build.0 = Debug|Any CPU
		{8B360C9A-3D1C-4B22-AF10-083B3EB60821}.Debug|x64.ActiveCfg = Debug|Any CPU
		{8B360C9A-3D1C-4B22-AF10-083B3EB60821}.Debug|x64.Build.0 = Debug|Any CPU
		{8B360C9A-3D1C-4B22-AF10-083B3EB60821}.Debug|x86.ActiveCfg = Debug|Any CPU
		{8B360C9A-3D1C-4B22-AF10-083B3EB60821}.Debug|x86.Build.0 = Debug|Any CPU
		{8B360C9A-3D1C-4B22-AF10-083B3EB60821}.Release|Any CPU.ActiveCfg = Release|Any CPU
		{8B360C9A-3D1C-4B22-AF10-083B3EB60821}.Release|Any CPU.Build.0 = Release|Any CPU
		{8B360C9A-3D1C-4B22-AF10-083B3EB60821}.Release|x64.ActiveCfg = Release|Any CPU
		{8B360C9A-3D1C-4B22-AF10-083B3EB60821}.Release|x64.Build.0 = Release|Any CPU
		{8B360C9A-3D1C-4B22-AF10-083B3EB60821}.Release|x86.ActiveCfg = Release|Any CPU
		{8B360C9A-3D1C-4B22-AF10-083B3EB60821}.Release|x86.Build.0 = Release|Any CPU
		{D95E651F-29A1-4A42-9AD6-D37D7043B635}.Debug|Any CPU.ActiveCfg = Debug|Any CPU
		{D95E651F-29A1-4A42-9AD6-D37D7043B635}.Debug|Any CPU.Build.0 = Debug|Any CPU
		{D95E651F-29A1-4A42-9AD6-D37D7043B635}.Debug|x64.ActiveCfg = Debug|Any CPU
		{D95E651F-29A1-4A42-9AD6-D37D7043B635}.Debug|x64.Build.0 = Debug|Any CPU
		{D95E651F-29A1-4A42-9AD6-D37D7043B635}.Debug|x86.ActiveCfg = Debug|Any CPU
		{D95E651F-29A1-4A42-9AD6-D37D7043B635}.Debug|x86.Build.0 = Debug|Any CPU
		{D95E651F-29A1-4A42-9AD6-D37D7043B635}.Release|Any CPU.ActiveCfg = Release|Any CPU
		{D95E651F-29A1-4A42-9AD6-D37D7043B635}.Release|Any CPU.Build.0 = Release|Any CPU
		{D95E651F-29A1-4A42-9AD6-D37D7043B635}.Release|x64.ActiveCfg = Release|Any CPU
		{D95E651F-29A1-4A42-9AD6-D37D7043B635}.Release|x64.Build.0 = Release|Any CPU
		{D95E651F-29A1-4A42-9AD6-D37D7043B635}.Release|x86.ActiveCfg = Release|Any CPU
		{D95E651F-29A1-4A42-9AD6-D37D7043B635}.Release|x86.Build.0 = Release|Any CPU
		{E45ACE65-1372-4FF2-9464-BE5E9B899EAA}.Debug|Any CPU.ActiveCfg = Debug|Any CPU
		{E45ACE65-1372-4FF2-9464-BE5E9B899EAA}.Debug|Any CPU.Build.0 = Debug|Any CPU
		{E45ACE65-1372-4FF2-9464-BE5E9B899EAA}.Debug|x64.ActiveCfg = Debug|Any CPU
		{E45ACE65-1372-4FF2-9464-BE5E9B899EAA}.Debug|x64.Build.0 = Debug|Any CPU
		{E45ACE65-1372-4FF2-9464-BE5E9B899EAA}.Debug|x86.ActiveCfg = Debug|Any CPU
		{E45ACE65-1372-4FF2-9464-BE5E9B899EAA}.Debug|x86.Build.0 = Debug|Any CPU
		{E45ACE65-1372-4FF2-9464-BE5E9B899EAA}.Release|Any CPU.ActiveCfg = Release|Any CPU
		{E45ACE65-1372-4FF2-9464-BE5E9B899EAA}.Release|Any CPU.Build.0 = Release|Any CPU
		{E45ACE65-1372-4FF2-9464-BE5E9B899EAA}.Release|x64.ActiveCfg = Release|Any CPU
		{E45ACE65-1372-4FF2-9464-BE5E9B899EAA}.Release|x64.Build.0 = Release|Any CPU
		{E45ACE65-1372-4FF2-9464-BE5E9B899EAA}.Release|x86.ActiveCfg = Release|Any CPU
		{E45ACE65-1372-4FF2-9464-BE5E9B899EAA}.Release|x86.Build.0 = Release|Any CPU
		{ECA3B0B7-2308-48F4-B199-8AAD00D434B1}.Debug|Any CPU.ActiveCfg = Debug|Any CPU
		{ECA3B0B7-2308-48F4-B199-8AAD00D434B1}.Debug|Any CPU.Build.0 = Debug|Any CPU
		{ECA3B0B7-2308-48F4-B199-8AAD00D434B1}.Debug|x64.ActiveCfg = Debug|Any CPU
		{ECA3B0B7-2308-48F4-B199-8AAD00D434B1}.Debug|x64.Build.0 = Debug|Any CPU
		{ECA3B0B7-2308-48F4-B199-8AAD00D434B1}.Debug|x86.ActiveCfg = Debug|Any CPU
		{ECA3B0B7-2308-48F4-B199-8AAD00D434B1}.Debug|x86.Build.0 = Debug|Any CPU
		{ECA3B0B7-2308-48F4-B199-8AAD00D434B1}.Release|Any CPU.ActiveCfg = Release|Any CPU
		{ECA3B0B7-2308-48F4-B199-8AAD00D434B1}.Release|Any CPU.Build.0 = Release|Any CPU
		{ECA3B0B7-2308-48F4-B199-8AAD00D434B1}.Release|x64.ActiveCfg = Release|Any CPU
		{ECA3B0B7-2308-48F4-B199-8AAD00D434B1}.Release|x64.Build.0 = Release|Any CPU
		{ECA3B0B7-2308-48F4-B199-8AAD00D434B1}.Release|x86.ActiveCfg = Release|Any CPU
		{ECA3B0B7-2308-48F4-B199-8AAD00D434B1}.Release|x86.Build.0 = Release|Any CPU
		{56F3B94B-1C64-4F15-B0D4-A71CF19A81FC}.Debug|Any CPU.ActiveCfg = Debug|Any CPU
		{56F3B94B-1C64-4F15-B0D4-A71CF19A81FC}.Debug|Any CPU.Build.0 = Debug|Any CPU
		{56F3B94B-1C64-4F15-B0D4-A71CF19A81FC}.Debug|x64.ActiveCfg = Debug|Any CPU
		{56F3B94B-1C64-4F15-B0D4-A71CF19A81FC}.Debug|x64.Build.0 = Debug|Any CPU
		{56F3B94B-1C64-4F15-B0D4-A71CF19A81FC}.Debug|x86.ActiveCfg = Debug|Any CPU
		{56F3B94B-1C64-4F15-B0D4-A71CF19A81FC}.Debug|x86.Build.0 = Debug|Any CPU
		{56F3B94B-1C64-4F15-B0D4-A71CF19A81FC}.Release|Any CPU.ActiveCfg = Release|Any CPU
		{56F3B94B-1C64-4F15-B0D4-A71CF19A81FC}.Release|Any CPU.Build.0 = Release|Any CPU
		{56F3B94B-1C64-4F15-B0D4-A71CF19A81FC}.Release|x64.ActiveCfg = Release|Any CPU
		{56F3B94B-1C64-4F15-B0D4-A71CF19A81FC}.Release|x64.Build.0 = Release|Any CPU
		{56F3B94B-1C64-4F15-B0D4-A71CF19A81FC}.Release|x86.ActiveCfg = Release|Any CPU
		{56F3B94B-1C64-4F15-B0D4-A71CF19A81FC}.Release|x86.Build.0 = Release|Any CPU
		{E0B20132-D75A-4A2F-8E1E-6D1ABB85C1C0}.Debug|Any CPU.ActiveCfg = Debug|Any CPU
		{E0B20132-D75A-4A2F-8E1E-6D1ABB85C1C0}.Debug|Any CPU.Build.0 = Debug|Any CPU
		{E0B20132-D75A-4A2F-8E1E-6D1ABB85C1C0}.Debug|x64.ActiveCfg = Debug|Any CPU
		{E0B20132-D75A-4A2F-8E1E-6D1ABB85C1C0}.Debug|x64.Build.0 = Debug|Any CPU
		{E0B20132-D75A-4A2F-8E1E-6D1ABB85C1C0}.Debug|x86.ActiveCfg = Debug|Any CPU
		{E0B20132-D75A-4A2F-8E1E-6D1ABB85C1C0}.Debug|x86.Build.0 = Debug|Any CPU
		{E0B20132-D75A-4A2F-8E1E-6D1ABB85C1C0}.Release|Any CPU.ActiveCfg = Release|Any CPU
		{E0B20132-D75A-4A2F-8E1E-6D1ABB85C1C0}.Release|Any CPU.Build.0 = Release|Any CPU
		{E0B20132-D75A-4A2F-8E1E-6D1ABB85C1C0}.Release|x64.ActiveCfg = Release|Any CPU
		{E0B20132-D75A-4A2F-8E1E-6D1ABB85C1C0}.Release|x64.Build.0 = Release|Any CPU
		{E0B20132-D75A-4A2F-8E1E-6D1ABB85C1C0}.Release|x86.ActiveCfg = Release|Any CPU
		{E0B20132-D75A-4A2F-8E1E-6D1ABB85C1C0}.Release|x86.Build.0 = Release|Any CPU
		{D2A8392D-3D35-4BAB-AE84-56A2B0FD05E5}.Debug|Any CPU.ActiveCfg = Debug|Any CPU
		{D2A8392D-3D35-4BAB-AE84-56A2B0FD05E5}.Debug|Any CPU.Build.0 = Debug|Any CPU
		{D2A8392D-3D35-4BAB-AE84-56A2B0FD05E5}.Debug|x64.ActiveCfg = Debug|Any CPU
		{D2A8392D-3D35-4BAB-AE84-56A2B0FD05E5}.Debug|x64.Build.0 = Debug|Any CPU
		{D2A8392D-3D35-4BAB-AE84-56A2B0FD05E5}.Debug|x86.ActiveCfg = Debug|Any CPU
		{D2A8392D-3D35-4BAB-AE84-56A2B0FD05E5}.Debug|x86.Build.0 = Debug|Any CPU
		{D2A8392D-3D35-4BAB-AE84-56A2B0FD05E5}.Release|Any CPU.ActiveCfg = Release|Any CPU
		{D2A8392D-3D35-4BAB-AE84-56A2B0FD05E5}.Release|Any CPU.Build.0 = Release|Any CPU
		{D2A8392D-3D35-4BAB-AE84-56A2B0FD05E5}.Release|x64.ActiveCfg = Release|Any CPU
		{D2A8392D-3D35-4BAB-AE84-56A2B0FD05E5}.Release|x64.Build.0 = Release|Any CPU
		{D2A8392D-3D35-4BAB-AE84-56A2B0FD05E5}.Release|x86.ActiveCfg = Release|Any CPU
		{D2A8392D-3D35-4BAB-AE84-56A2B0FD05E5}.Release|x86.Build.0 = Release|Any CPU
		{16E2629F-A169-490F-B7DD-DAA8159761D3}.Debug|Any CPU.ActiveCfg = Debug|Any CPU
		{16E2629F-A169-490F-B7DD-DAA8159761D3}.Debug|Any CPU.Build.0 = Debug|Any CPU
		{16E2629F-A169-490F-B7DD-DAA8159761D3}.Debug|x64.ActiveCfg = Debug|Any CPU
		{16E2629F-A169-490F-B7DD-DAA8159761D3}.Debug|x64.Build.0 = Debug|Any CPU
		{16E2629F-A169-490F-B7DD-DAA8159761D3}.Debug|x86.ActiveCfg = Debug|Any CPU
		{16E2629F-A169-490F-B7DD-DAA8159761D3}.Debug|x86.Build.0 = Debug|Any CPU
		{16E2629F-A169-490F-B7DD-DAA8159761D3}.Release|Any CPU.ActiveCfg = Release|Any CPU
		{16E2629F-A169-490F-B7DD-DAA8159761D3}.Release|Any CPU.Build.0 = Release|Any CPU
		{16E2629F-A169-490F-B7DD-DAA8159761D3}.Release|x64.ActiveCfg = Release|Any CPU
		{16E2629F-A169-490F-B7DD-DAA8159761D3}.Release|x64.Build.0 = Release|Any CPU
		{16E2629F-A169-490F-B7DD-DAA8159761D3}.Release|x86.ActiveCfg = Release|Any CPU
		{16E2629F-A169-490F-B7DD-DAA8159761D3}.Release|x86.Build.0 = Release|Any CPU
		{8EA6B607-4F41-4E35-9BC1-6C60E563A011}.Debug|Any CPU.ActiveCfg = Debug|Any CPU
		{8EA6B607-4F41-4E35-9BC1-6C60E563A011}.Debug|Any CPU.Build.0 = Debug|Any CPU
		{8EA6B607-4F41-4E35-9BC1-6C60E563A011}.Debug|x64.ActiveCfg = Debug|Any CPU
		{8EA6B607-4F41-4E35-9BC1-6C60E563A011}.Debug|x64.Build.0 = Debug|Any CPU
		{8EA6B607-4F41-4E35-9BC1-6C60E563A011}.Debug|x86.ActiveCfg = Debug|Any CPU
		{8EA6B607-4F41-4E35-9BC1-6C60E563A011}.Debug|x86.Build.0 = Debug|Any CPU
		{8EA6B607-4F41-4E35-9BC1-6C60E563A011}.Release|Any CPU.ActiveCfg = Release|Any CPU
		{8EA6B607-4F41-4E35-9BC1-6C60E563A011}.Release|Any CPU.Build.0 = Release|Any CPU
		{8EA6B607-4F41-4E35-9BC1-6C60E563A011}.Release|x64.ActiveCfg = Release|Any CPU
		{8EA6B607-4F41-4E35-9BC1-6C60E563A011}.Release|x64.Build.0 = Release|Any CPU
		{8EA6B607-4F41-4E35-9BC1-6C60E563A011}.Release|x86.ActiveCfg = Release|Any CPU
		{8EA6B607-4F41-4E35-9BC1-6C60E563A011}.Release|x86.Build.0 = Release|Any CPU
		{5F4EBDEC-17D2-44A3-831B-22F8ED1931E7}.Debug|Any CPU.ActiveCfg = Debug|Any CPU
		{5F4EBDEC-17D2-44A3-831B-22F8ED1931E7}.Debug|Any CPU.Build.0 = Debug|Any CPU
		{5F4EBDEC-17D2-44A3-831B-22F8ED1931E7}.Debug|x64.ActiveCfg = Debug|Any CPU
		{5F4EBDEC-17D2-44A3-831B-22F8ED1931E7}.Debug|x64.Build.0 = Debug|Any CPU
		{5F4EBDEC-17D2-44A3-831B-22F8ED1931E7}.Debug|x86.ActiveCfg = Debug|Any CPU
		{5F4EBDEC-17D2-44A3-831B-22F8ED1931E7}.Debug|x86.Build.0 = Debug|Any CPU
		{5F4EBDEC-17D2-44A3-831B-22F8ED1931E7}.Release|Any CPU.ActiveCfg = Release|Any CPU
		{5F4EBDEC-17D2-44A3-831B-22F8ED1931E7}.Release|Any CPU.Build.0 = Release|Any CPU
		{5F4EBDEC-17D2-44A3-831B-22F8ED1931E7}.Release|x64.ActiveCfg = Release|Any CPU
		{5F4EBDEC-17D2-44A3-831B-22F8ED1931E7}.Release|x64.Build.0 = Release|Any CPU
		{5F4EBDEC-17D2-44A3-831B-22F8ED1931E7}.Release|x86.ActiveCfg = Release|Any CPU
		{5F4EBDEC-17D2-44A3-831B-22F8ED1931E7}.Release|x86.Build.0 = Release|Any CPU
		{F4773A5B-35FA-4984-8A8F-6D1248E13CA7}.Debug|Any CPU.ActiveCfg = Debug|Any CPU
		{F4773A5B-35FA-4984-8A8F-6D1248E13CA7}.Debug|Any CPU.Build.0 = Debug|Any CPU
		{F4773A5B-35FA-4984-8A8F-6D1248E13CA7}.Debug|x64.ActiveCfg = Debug|Any CPU
		{F4773A5B-35FA-4984-8A8F-6D1248E13CA7}.Debug|x64.Build.0 = Debug|Any CPU
		{F4773A5B-35FA-4984-8A8F-6D1248E13CA7}.Debug|x86.ActiveCfg = Debug|Any CPU
		{F4773A5B-35FA-4984-8A8F-6D1248E13CA7}.Debug|x86.Build.0 = Debug|Any CPU
		{F4773A5B-35FA-4984-8A8F-6D1248E13CA7}.Release|Any CPU.ActiveCfg = Release|Any CPU
		{F4773A5B-35FA-4984-8A8F-6D1248E13CA7}.Release|Any CPU.Build.0 = Release|Any CPU
		{F4773A5B-35FA-4984-8A8F-6D1248E13CA7}.Release|x64.ActiveCfg = Release|Any CPU
		{F4773A5B-35FA-4984-8A8F-6D1248E13CA7}.Release|x64.Build.0 = Release|Any CPU
		{F4773A5B-35FA-4984-8A8F-6D1248E13CA7}.Release|x86.ActiveCfg = Release|Any CPU
		{F4773A5B-35FA-4984-8A8F-6D1248E13CA7}.Release|x86.Build.0 = Release|Any CPU
		{5CC105A5-2AEB-463B-9A8F-4186D0EC2074}.Debug|Any CPU.ActiveCfg = Debug|Any CPU
		{5CC105A5-2AEB-463B-9A8F-4186D0EC2074}.Debug|Any CPU.Build.0 = Debug|Any CPU
		{5CC105A5-2AEB-463B-9A8F-4186D0EC2074}.Debug|x64.ActiveCfg = Debug|Any CPU
		{5CC105A5-2AEB-463B-9A8F-4186D0EC2074}.Debug|x64.Build.0 = Debug|Any CPU
		{5CC105A5-2AEB-463B-9A8F-4186D0EC2074}.Debug|x86.ActiveCfg = Debug|Any CPU
		{5CC105A5-2AEB-463B-9A8F-4186D0EC2074}.Debug|x86.Build.0 = Debug|Any CPU
		{5CC105A5-2AEB-463B-9A8F-4186D0EC2074}.Release|Any CPU.ActiveCfg = Release|Any CPU
		{5CC105A5-2AEB-463B-9A8F-4186D0EC2074}.Release|Any CPU.Build.0 = Release|Any CPU
		{5CC105A5-2AEB-463B-9A8F-4186D0EC2074}.Release|x64.ActiveCfg = Release|Any CPU
		{5CC105A5-2AEB-463B-9A8F-4186D0EC2074}.Release|x64.Build.0 = Release|Any CPU
		{5CC105A5-2AEB-463B-9A8F-4186D0EC2074}.Release|x86.ActiveCfg = Release|Any CPU
		{5CC105A5-2AEB-463B-9A8F-4186D0EC2074}.Release|x86.Build.0 = Release|Any CPU
		{C5D81234-D3ED-4F08-9D7B-7CA4F1A5B2D3}.Debug|Any CPU.ActiveCfg = Debug|Any CPU
		{C5D81234-D3ED-4F08-9D7B-7CA4F1A5B2D3}.Debug|Any CPU.Build.0 = Debug|Any CPU
		{C5D81234-D3ED-4F08-9D7B-7CA4F1A5B2D3}.Debug|x64.ActiveCfg = Debug|Any CPU
		{C5D81234-D3ED-4F08-9D7B-7CA4F1A5B2D3}.Debug|x64.Build.0 = Debug|Any CPU
		{C5D81234-D3ED-4F08-9D7B-7CA4F1A5B2D3}.Debug|x86.ActiveCfg = Debug|Any CPU
		{C5D81234-D3ED-4F08-9D7B-7CA4F1A5B2D3}.Debug|x86.Build.0 = Debug|Any CPU
		{C5D81234-D3ED-4F08-9D7B-7CA4F1A5B2D3}.Release|Any CPU.ActiveCfg = Release|Any CPU
		{C5D81234-D3ED-4F08-9D7B-7CA4F1A5B2D3}.Release|Any CPU.Build.0 = Release|Any CPU
		{C5D81234-D3ED-4F08-9D7B-7CA4F1A5B2D3}.Release|x64.ActiveCfg = Release|Any CPU
		{C5D81234-D3ED-4F08-9D7B-7CA4F1A5B2D3}.Release|x64.Build.0 = Release|Any CPU
		{C5D81234-D3ED-4F08-9D7B-7CA4F1A5B2D3}.Release|x86.ActiveCfg = Release|Any CPU
		{C5D81234-D3ED-4F08-9D7B-7CA4F1A5B2D3}.Release|x86.Build.0 = Release|Any CPU
		{326A6CB3-F448-4DBF-884D-C38F049EC237}.Debug|Any CPU.ActiveCfg = Debug|Any CPU
		{326A6CB3-F448-4DBF-884D-C38F049EC237}.Debug|Any CPU.Build.0 = Debug|Any CPU
		{326A6CB3-F448-4DBF-884D-C38F049EC237}.Debug|x64.ActiveCfg = Debug|Any CPU
		{326A6CB3-F448-4DBF-884D-C38F049EC237}.Debug|x64.Build.0 = Debug|Any CPU
		{326A6CB3-F448-4DBF-884D-C38F049EC237}.Debug|x86.ActiveCfg = Debug|Any CPU
		{326A6CB3-F448-4DBF-884D-C38F049EC237}.Debug|x86.Build.0 = Debug|Any CPU
		{326A6CB3-F448-4DBF-884D-C38F049EC237}.Release|Any CPU.ActiveCfg = Release|Any CPU
		{326A6CB3-F448-4DBF-884D-C38F049EC237}.Release|Any CPU.Build.0 = Release|Any CPU
		{326A6CB3-F448-4DBF-884D-C38F049EC237}.Release|x64.ActiveCfg = Release|Any CPU
		{326A6CB3-F448-4DBF-884D-C38F049EC237}.Release|x64.Build.0 = Release|Any CPU
		{326A6CB3-F448-4DBF-884D-C38F049EC237}.Release|x86.ActiveCfg = Release|Any CPU
		{326A6CB3-F448-4DBF-884D-C38F049EC237}.Release|x86.Build.0 = Release|Any CPU
		{ADAA30ED-B8EE-4AA6-863F-7D3536B974B7}.Debug|Any CPU.ActiveCfg = Debug|Any CPU
		{ADAA30ED-B8EE-4AA6-863F-7D3536B974B7}.Debug|Any CPU.Build.0 = Debug|Any CPU
		{ADAA30ED-B8EE-4AA6-863F-7D3536B974B7}.Debug|x64.ActiveCfg = Debug|Any CPU
		{ADAA30ED-B8EE-4AA6-863F-7D3536B974B7}.Debug|x64.Build.0 = Debug|Any CPU
		{ADAA30ED-B8EE-4AA6-863F-7D3536B974B7}.Debug|x86.ActiveCfg = Debug|Any CPU
		{ADAA30ED-B8EE-4AA6-863F-7D3536B974B7}.Debug|x86.Build.0 = Debug|Any CPU
		{ADAA30ED-B8EE-4AA6-863F-7D3536B974B7}.Release|Any CPU.ActiveCfg = Release|Any CPU
		{ADAA30ED-B8EE-4AA6-863F-7D3536B974B7}.Release|Any CPU.Build.0 = Release|Any CPU
		{ADAA30ED-B8EE-4AA6-863F-7D3536B974B7}.Release|x64.ActiveCfg = Release|Any CPU
		{ADAA30ED-B8EE-4AA6-863F-7D3536B974B7}.Release|x64.Build.0 = Release|Any CPU
		{ADAA30ED-B8EE-4AA6-863F-7D3536B974B7}.Release|x86.ActiveCfg = Release|Any CPU
		{ADAA30ED-B8EE-4AA6-863F-7D3536B974B7}.Release|x86.Build.0 = Release|Any CPU
		{45C496E5-3DFB-4C62-8BA5-FEFCF25A183A}.Debug|Any CPU.ActiveCfg = Debug|Any CPU
		{45C496E5-3DFB-4C62-8BA5-FEFCF25A183A}.Debug|Any CPU.Build.0 = Debug|Any CPU
		{45C496E5-3DFB-4C62-8BA5-FEFCF25A183A}.Debug|x64.ActiveCfg = Debug|Any CPU
		{45C496E5-3DFB-4C62-8BA5-FEFCF25A183A}.Debug|x64.Build.0 = Debug|Any CPU
		{45C496E5-3DFB-4C62-8BA5-FEFCF25A183A}.Debug|x86.ActiveCfg = Debug|Any CPU
		{45C496E5-3DFB-4C62-8BA5-FEFCF25A183A}.Debug|x86.Build.0 = Debug|Any CPU
		{45C496E5-3DFB-4C62-8BA5-FEFCF25A183A}.Release|Any CPU.ActiveCfg = Release|Any CPU
		{45C496E5-3DFB-4C62-8BA5-FEFCF25A183A}.Release|Any CPU.Build.0 = Release|Any CPU
		{45C496E5-3DFB-4C62-8BA5-FEFCF25A183A}.Release|x64.ActiveCfg = Release|Any CPU
		{45C496E5-3DFB-4C62-8BA5-FEFCF25A183A}.Release|x64.Build.0 = Release|Any CPU
		{45C496E5-3DFB-4C62-8BA5-FEFCF25A183A}.Release|x86.ActiveCfg = Release|Any CPU
		{45C496E5-3DFB-4C62-8BA5-FEFCF25A183A}.Release|x86.Build.0 = Release|Any CPU
		{27DE758B-6ECF-4DC4-8882-BB7019D457BD}.Debug|Any CPU.ActiveCfg = Debug|Any CPU
		{27DE758B-6ECF-4DC4-8882-BB7019D457BD}.Debug|Any CPU.Build.0 = Debug|Any CPU
		{27DE758B-6ECF-4DC4-8882-BB7019D457BD}.Debug|x64.ActiveCfg = Debug|Any CPU
		{27DE758B-6ECF-4DC4-8882-BB7019D457BD}.Debug|x64.Build.0 = Debug|Any CPU
		{27DE758B-6ECF-4DC4-8882-BB7019D457BD}.Debug|x86.ActiveCfg = Debug|Any CPU
		{27DE758B-6ECF-4DC4-8882-BB7019D457BD}.Debug|x86.Build.0 = Debug|Any CPU
		{27DE758B-6ECF-4DC4-8882-BB7019D457BD}.Release|Any CPU.ActiveCfg = Release|Any CPU
		{27DE758B-6ECF-4DC4-8882-BB7019D457BD}.Release|Any CPU.Build.0 = Release|Any CPU
		{27DE758B-6ECF-4DC4-8882-BB7019D457BD}.Release|x64.ActiveCfg = Release|Any CPU
		{27DE758B-6ECF-4DC4-8882-BB7019D457BD}.Release|x64.Build.0 = Release|Any CPU
		{27DE758B-6ECF-4DC4-8882-BB7019D457BD}.Release|x86.ActiveCfg = Release|Any CPU
		{27DE758B-6ECF-4DC4-8882-BB7019D457BD}.Release|x86.Build.0 = Release|Any CPU
		{73341607-B8BB-479B-A9EC-497EB8CEE83C}.Debug|Any CPU.ActiveCfg = Debug|Any CPU
		{73341607-B8BB-479B-A9EC-497EB8CEE83C}.Debug|Any CPU.Build.0 = Debug|Any CPU
		{73341607-B8BB-479B-A9EC-497EB8CEE83C}.Debug|x64.ActiveCfg = Debug|Any CPU
		{73341607-B8BB-479B-A9EC-497EB8CEE83C}.Debug|x64.Build.0 = Debug|Any CPU
		{73341607-B8BB-479B-A9EC-497EB8CEE83C}.Debug|x86.ActiveCfg = Debug|Any CPU
		{73341607-B8BB-479B-A9EC-497EB8CEE83C}.Debug|x86.Build.0 = Debug|Any CPU
		{73341607-B8BB-479B-A9EC-497EB8CEE83C}.Release|Any CPU.ActiveCfg = Release|Any CPU
		{73341607-B8BB-479B-A9EC-497EB8CEE83C}.Release|Any CPU.Build.0 = Release|Any CPU
		{73341607-B8BB-479B-A9EC-497EB8CEE83C}.Release|x64.ActiveCfg = Release|Any CPU
		{73341607-B8BB-479B-A9EC-497EB8CEE83C}.Release|x64.Build.0 = Release|Any CPU
		{73341607-B8BB-479B-A9EC-497EB8CEE83C}.Release|x86.ActiveCfg = Release|Any CPU
		{73341607-B8BB-479B-A9EC-497EB8CEE83C}.Release|x86.Build.0 = Release|Any CPU
		{C1F8D218-E6A7-4D4B-8A97-D1B86C6E5C97}.Debug|Any CPU.ActiveCfg = Debug|Any CPU
		{C1F8D218-E6A7-4D4B-8A97-D1B86C6E5C97}.Debug|Any CPU.Build.0 = Debug|Any CPU
		{C1F8D218-E6A7-4D4B-8A97-D1B86C6E5C97}.Debug|x64.ActiveCfg = Debug|Any CPU
		{C1F8D218-E6A7-4D4B-8A97-D1B86C6E5C97}.Debug|x64.Build.0 = Debug|Any CPU
		{C1F8D218-E6A7-4D4B-8A97-D1B86C6E5C97}.Debug|x86.ActiveCfg = Debug|Any CPU
		{C1F8D218-E6A7-4D4B-8A97-D1B86C6E5C97}.Debug|x86.Build.0 = Debug|Any CPU
		{C1F8D218-E6A7-4D4B-8A97-D1B86C6E5C97}.Release|Any CPU.ActiveCfg = Release|Any CPU
		{C1F8D218-E6A7-4D4B-8A97-D1B86C6E5C97}.Release|Any CPU.Build.0 = Release|Any CPU
		{C1F8D218-E6A7-4D4B-8A97-D1B86C6E5C97}.Release|x64.ActiveCfg = Release|Any CPU
		{C1F8D218-E6A7-4D4B-8A97-D1B86C6E5C97}.Release|x64.Build.0 = Release|Any CPU
		{C1F8D218-E6A7-4D4B-8A97-D1B86C6E5C97}.Release|x86.ActiveCfg = Release|Any CPU
		{C1F8D218-E6A7-4D4B-8A97-D1B86C6E5C97}.Release|x86.Build.0 = Release|Any CPU
		{6FA2D7FB-A23E-48DC-A19D-173FF8ACB855}.Debug|Any CPU.ActiveCfg = Debug|Any CPU
		{6FA2D7FB-A23E-48DC-A19D-173FF8ACB855}.Debug|Any CPU.Build.0 = Debug|Any CPU
		{6FA2D7FB-A23E-48DC-A19D-173FF8ACB855}.Debug|x64.ActiveCfg = Debug|Any CPU
		{6FA2D7FB-A23E-48DC-A19D-173FF8ACB855}.Debug|x64.Build.0 = Debug|Any CPU
		{6FA2D7FB-A23E-48DC-A19D-173FF8ACB855}.Debug|x86.ActiveCfg = Debug|Any CPU
		{6FA2D7FB-A23E-48DC-A19D-173FF8ACB855}.Debug|x86.Build.0 = Debug|Any CPU
		{6FA2D7FB-A23E-48DC-A19D-173FF8ACB855}.Release|Any CPU.ActiveCfg = Release|Any CPU
		{6FA2D7FB-A23E-48DC-A19D-173FF8ACB855}.Release|Any CPU.Build.0 = Release|Any CPU
		{6FA2D7FB-A23E-48DC-A19D-173FF8ACB855}.Release|x64.ActiveCfg = Release|Any CPU
		{6FA2D7FB-A23E-48DC-A19D-173FF8ACB855}.Release|x64.Build.0 = Release|Any CPU
		{6FA2D7FB-A23E-48DC-A19D-173FF8ACB855}.Release|x86.ActiveCfg = Release|Any CPU
		{6FA2D7FB-A23E-48DC-A19D-173FF8ACB855}.Release|x86.Build.0 = Release|Any CPU
		{229EB4DC-98A6-4461-A109-9C8620AD7EEC}.Debug|Any CPU.ActiveCfg = Debug|Any CPU
		{229EB4DC-98A6-4461-A109-9C8620AD7EEC}.Debug|Any CPU.Build.0 = Debug|Any CPU
		{229EB4DC-98A6-4461-A109-9C8620AD7EEC}.Debug|x64.ActiveCfg = Debug|Any CPU
		{229EB4DC-98A6-4461-A109-9C8620AD7EEC}.Debug|x64.Build.0 = Debug|Any CPU
		{229EB4DC-98A6-4461-A109-9C8620AD7EEC}.Debug|x86.ActiveCfg = Debug|Any CPU
		{229EB4DC-98A6-4461-A109-9C8620AD7EEC}.Debug|x86.Build.0 = Debug|Any CPU
		{229EB4DC-98A6-4461-A109-9C8620AD7EEC}.Release|Any CPU.ActiveCfg = Release|Any CPU
		{229EB4DC-98A6-4461-A109-9C8620AD7EEC}.Release|Any CPU.Build.0 = Release|Any CPU
		{229EB4DC-98A6-4461-A109-9C8620AD7EEC}.Release|x64.ActiveCfg = Release|Any CPU
		{229EB4DC-98A6-4461-A109-9C8620AD7EEC}.Release|x64.Build.0 = Release|Any CPU
		{229EB4DC-98A6-4461-A109-9C8620AD7EEC}.Release|x86.ActiveCfg = Release|Any CPU
		{229EB4DC-98A6-4461-A109-9C8620AD7EEC}.Release|x86.Build.0 = Release|Any CPU
		{7A01A8DD-5CCF-442F-9B69-481401F2B7AE}.Debug|Any CPU.ActiveCfg = Debug|Any CPU
		{7A01A8DD-5CCF-442F-9B69-481401F2B7AE}.Debug|Any CPU.Build.0 = Debug|Any CPU
		{7A01A8DD-5CCF-442F-9B69-481401F2B7AE}.Debug|x64.ActiveCfg = Debug|Any CPU
		{7A01A8DD-5CCF-442F-9B69-481401F2B7AE}.Debug|x64.Build.0 = Debug|Any CPU
		{7A01A8DD-5CCF-442F-9B69-481401F2B7AE}.Debug|x86.ActiveCfg = Debug|Any CPU
		{7A01A8DD-5CCF-442F-9B69-481401F2B7AE}.Debug|x86.Build.0 = Debug|Any CPU
		{7A01A8DD-5CCF-442F-9B69-481401F2B7AE}.Release|Any CPU.ActiveCfg = Release|Any CPU
		{7A01A8DD-5CCF-442F-9B69-481401F2B7AE}.Release|Any CPU.Build.0 = Release|Any CPU
		{7A01A8DD-5CCF-442F-9B69-481401F2B7AE}.Release|x64.ActiveCfg = Release|Any CPU
		{7A01A8DD-5CCF-442F-9B69-481401F2B7AE}.Release|x64.Build.0 = Release|Any CPU
		{7A01A8DD-5CCF-442F-9B69-481401F2B7AE}.Release|x86.ActiveCfg = Release|Any CPU
		{7A01A8DD-5CCF-442F-9B69-481401F2B7AE}.Release|x86.Build.0 = Release|Any CPU
		{301B127D-58C7-48A9-83FD-3E10A95A5F5C}.Debug|Any CPU.ActiveCfg = Debug|Any CPU
		{301B127D-58C7-48A9-83FD-3E10A95A5F5C}.Debug|Any CPU.Build.0 = Debug|Any CPU
		{301B127D-58C7-48A9-83FD-3E10A95A5F5C}.Debug|x64.ActiveCfg = Debug|Any CPU
		{301B127D-58C7-48A9-83FD-3E10A95A5F5C}.Debug|x64.Build.0 = Debug|Any CPU
		{301B127D-58C7-48A9-83FD-3E10A95A5F5C}.Debug|x86.ActiveCfg = Debug|Any CPU
		{301B127D-58C7-48A9-83FD-3E10A95A5F5C}.Debug|x86.Build.0 = Debug|Any CPU
		{301B127D-58C7-48A9-83FD-3E10A95A5F5C}.Release|Any CPU.ActiveCfg = Release|Any CPU
		{301B127D-58C7-48A9-83FD-3E10A95A5F5C}.Release|Any CPU.Build.0 = Release|Any CPU
		{301B127D-58C7-48A9-83FD-3E10A95A5F5C}.Release|x64.ActiveCfg = Release|Any CPU
		{301B127D-58C7-48A9-83FD-3E10A95A5F5C}.Release|x64.Build.0 = Release|Any CPU
		{301B127D-58C7-48A9-83FD-3E10A95A5F5C}.Release|x86.ActiveCfg = Release|Any CPU
		{301B127D-58C7-48A9-83FD-3E10A95A5F5C}.Release|x86.Build.0 = Release|Any CPU
		{CDD2B6FF-7A55-4E85-8AFA-538ACDEB318E}.Debug|Any CPU.ActiveCfg = Debug|Any CPU
		{CDD2B6FF-7A55-4E85-8AFA-538ACDEB318E}.Debug|Any CPU.Build.0 = Debug|Any CPU
		{CDD2B6FF-7A55-4E85-8AFA-538ACDEB318E}.Debug|x64.ActiveCfg = Debug|Any CPU
		{CDD2B6FF-7A55-4E85-8AFA-538ACDEB318E}.Debug|x64.Build.0 = Debug|Any CPU
		{CDD2B6FF-7A55-4E85-8AFA-538ACDEB318E}.Debug|x86.ActiveCfg = Debug|Any CPU
		{CDD2B6FF-7A55-4E85-8AFA-538ACDEB318E}.Debug|x86.Build.0 = Debug|Any CPU
		{CDD2B6FF-7A55-4E85-8AFA-538ACDEB318E}.Release|Any CPU.ActiveCfg = Release|Any CPU
		{CDD2B6FF-7A55-4E85-8AFA-538ACDEB318E}.Release|Any CPU.Build.0 = Release|Any CPU
		{CDD2B6FF-7A55-4E85-8AFA-538ACDEB318E}.Release|x64.ActiveCfg = Release|Any CPU
		{CDD2B6FF-7A55-4E85-8AFA-538ACDEB318E}.Release|x64.Build.0 = Release|Any CPU
		{CDD2B6FF-7A55-4E85-8AFA-538ACDEB318E}.Release|x86.ActiveCfg = Release|Any CPU
		{CDD2B6FF-7A55-4E85-8AFA-538ACDEB318E}.Release|x86.Build.0 = Release|Any CPU
		{2B0B52B3-3597-47C1-96D5-D6C652C53223}.Debug|Any CPU.ActiveCfg = Debug|Any CPU
		{2B0B52B3-3597-47C1-96D5-D6C652C53223}.Debug|Any CPU.Build.0 = Debug|Any CPU
		{2B0B52B3-3597-47C1-96D5-D6C652C53223}.Debug|x64.ActiveCfg = Debug|Any CPU
		{2B0B52B3-3597-47C1-96D5-D6C652C53223}.Debug|x64.Build.0 = Debug|Any CPU
		{2B0B52B3-3597-47C1-96D5-D6C652C53223}.Debug|x86.ActiveCfg = Debug|Any CPU
		{2B0B52B3-3597-47C1-96D5-D6C652C53223}.Debug|x86.Build.0 = Debug|Any CPU
		{2B0B52B3-3597-47C1-96D5-D6C652C53223}.Release|Any CPU.ActiveCfg = Release|Any CPU
		{2B0B52B3-3597-47C1-96D5-D6C652C53223}.Release|Any CPU.Build.0 = Release|Any CPU
		{2B0B52B3-3597-47C1-96D5-D6C652C53223}.Release|x64.ActiveCfg = Release|Any CPU
		{2B0B52B3-3597-47C1-96D5-D6C652C53223}.Release|x64.Build.0 = Release|Any CPU
		{2B0B52B3-3597-47C1-96D5-D6C652C53223}.Release|x86.ActiveCfg = Release|Any CPU
		{2B0B52B3-3597-47C1-96D5-D6C652C53223}.Release|x86.Build.0 = Release|Any CPU
		{44C7A429-D91A-4CBC-A0F3-7B7DEBC3BF87}.Debug|Any CPU.ActiveCfg = Debug|Any CPU
		{44C7A429-D91A-4CBC-A0F3-7B7DEBC3BF87}.Debug|Any CPU.Build.0 = Debug|Any CPU
		{44C7A429-D91A-4CBC-A0F3-7B7DEBC3BF87}.Debug|x64.ActiveCfg = Debug|Any CPU
		{44C7A429-D91A-4CBC-A0F3-7B7DEBC3BF87}.Debug|x64.Build.0 = Debug|Any CPU
		{44C7A429-D91A-4CBC-A0F3-7B7DEBC3BF87}.Debug|x86.ActiveCfg = Debug|Any CPU
		{44C7A429-D91A-4CBC-A0F3-7B7DEBC3BF87}.Debug|x86.Build.0 = Debug|Any CPU
		{44C7A429-D91A-4CBC-A0F3-7B7DEBC3BF87}.Release|Any CPU.ActiveCfg = Release|Any CPU
		{44C7A429-D91A-4CBC-A0F3-7B7DEBC3BF87}.Release|Any CPU.Build.0 = Release|Any CPU
		{44C7A429-D91A-4CBC-A0F3-7B7DEBC3BF87}.Release|x64.ActiveCfg = Release|Any CPU
		{44C7A429-D91A-4CBC-A0F3-7B7DEBC3BF87}.Release|x64.Build.0 = Release|Any CPU
		{44C7A429-D91A-4CBC-A0F3-7B7DEBC3BF87}.Release|x86.ActiveCfg = Release|Any CPU
		{44C7A429-D91A-4CBC-A0F3-7B7DEBC3BF87}.Release|x86.Build.0 = Release|Any CPU
		{1F38A7A5-453D-4B6D-AC6A-84164776EAEC}.Debug|Any CPU.ActiveCfg = Debug|Any CPU
		{1F38A7A5-453D-4B6D-AC6A-84164776EAEC}.Debug|Any CPU.Build.0 = Debug|Any CPU
		{1F38A7A5-453D-4B6D-AC6A-84164776EAEC}.Debug|x64.ActiveCfg = Debug|Any CPU
		{1F38A7A5-453D-4B6D-AC6A-84164776EAEC}.Debug|x64.Build.0 = Debug|Any CPU
		{1F38A7A5-453D-4B6D-AC6A-84164776EAEC}.Debug|x86.ActiveCfg = Debug|Any CPU
		{1F38A7A5-453D-4B6D-AC6A-84164776EAEC}.Debug|x86.Build.0 = Debug|Any CPU
		{1F38A7A5-453D-4B6D-AC6A-84164776EAEC}.Release|Any CPU.ActiveCfg = Release|Any CPU
		{1F38A7A5-453D-4B6D-AC6A-84164776EAEC}.Release|Any CPU.Build.0 = Release|Any CPU
		{1F38A7A5-453D-4B6D-AC6A-84164776EAEC}.Release|x64.ActiveCfg = Release|Any CPU
		{1F38A7A5-453D-4B6D-AC6A-84164776EAEC}.Release|x64.Build.0 = Release|Any CPU
		{1F38A7A5-453D-4B6D-AC6A-84164776EAEC}.Release|x86.ActiveCfg = Release|Any CPU
		{1F38A7A5-453D-4B6D-AC6A-84164776EAEC}.Release|x86.Build.0 = Release|Any CPU
		{6C461445-B15E-4D18-8E65-306E9E02D7A8}.Debug|Any CPU.ActiveCfg = Debug|Any CPU
		{6C461445-B15E-4D18-8E65-306E9E02D7A8}.Debug|Any CPU.Build.0 = Debug|Any CPU
		{6C461445-B15E-4D18-8E65-306E9E02D7A8}.Debug|x64.ActiveCfg = Debug|Any CPU
		{6C461445-B15E-4D18-8E65-306E9E02D7A8}.Debug|x64.Build.0 = Debug|Any CPU
		{6C461445-B15E-4D18-8E65-306E9E02D7A8}.Debug|x86.ActiveCfg = Debug|Any CPU
		{6C461445-B15E-4D18-8E65-306E9E02D7A8}.Debug|x86.Build.0 = Debug|Any CPU
		{6C461445-B15E-4D18-8E65-306E9E02D7A8}.Release|Any CPU.ActiveCfg = Release|Any CPU
		{6C461445-B15E-4D18-8E65-306E9E02D7A8}.Release|Any CPU.Build.0 = Release|Any CPU
		{6C461445-B15E-4D18-8E65-306E9E02D7A8}.Release|x64.ActiveCfg = Release|Any CPU
		{6C461445-B15E-4D18-8E65-306E9E02D7A8}.Release|x64.Build.0 = Release|Any CPU
		{6C461445-B15E-4D18-8E65-306E9E02D7A8}.Release|x86.ActiveCfg = Release|Any CPU
		{6C461445-B15E-4D18-8E65-306E9E02D7A8}.Release|x86.Build.0 = Release|Any CPU
		{EA1DF6DE-B585-4631-9D00-0C65EE0B7BFA}.Debug|Any CPU.ActiveCfg = Debug|Any CPU
		{EA1DF6DE-B585-4631-9D00-0C65EE0B7BFA}.Debug|Any CPU.Build.0 = Debug|Any CPU
		{EA1DF6DE-B585-4631-9D00-0C65EE0B7BFA}.Debug|x64.ActiveCfg = Debug|Any CPU
		{EA1DF6DE-B585-4631-9D00-0C65EE0B7BFA}.Debug|x64.Build.0 = Debug|Any CPU
		{EA1DF6DE-B585-4631-9D00-0C65EE0B7BFA}.Debug|x86.ActiveCfg = Debug|Any CPU
		{EA1DF6DE-B585-4631-9D00-0C65EE0B7BFA}.Debug|x86.Build.0 = Debug|Any CPU
		{EA1DF6DE-B585-4631-9D00-0C65EE0B7BFA}.Release|Any CPU.ActiveCfg = Release|Any CPU
		{EA1DF6DE-B585-4631-9D00-0C65EE0B7BFA}.Release|Any CPU.Build.0 = Release|Any CPU
		{EA1DF6DE-B585-4631-9D00-0C65EE0B7BFA}.Release|x64.ActiveCfg = Release|Any CPU
		{EA1DF6DE-B585-4631-9D00-0C65EE0B7BFA}.Release|x64.Build.0 = Release|Any CPU
		{EA1DF6DE-B585-4631-9D00-0C65EE0B7BFA}.Release|x86.ActiveCfg = Release|Any CPU
		{EA1DF6DE-B585-4631-9D00-0C65EE0B7BFA}.Release|x86.Build.0 = Release|Any CPU
		{7849EED1-838C-401F-AB87-83F00A64D819}.Debug|Any CPU.ActiveCfg = Debug|Any CPU
		{7849EED1-838C-401F-AB87-83F00A64D819}.Debug|Any CPU.Build.0 = Debug|Any CPU
		{7849EED1-838C-401F-AB87-83F00A64D819}.Debug|x64.ActiveCfg = Debug|Any CPU
		{7849EED1-838C-401F-AB87-83F00A64D819}.Debug|x64.Build.0 = Debug|Any CPU
		{7849EED1-838C-401F-AB87-83F00A64D819}.Debug|x86.ActiveCfg = Debug|Any CPU
		{7849EED1-838C-401F-AB87-83F00A64D819}.Debug|x86.Build.0 = Debug|Any CPU
		{7849EED1-838C-401F-AB87-83F00A64D819}.Release|Any CPU.ActiveCfg = Release|Any CPU
		{7849EED1-838C-401F-AB87-83F00A64D819}.Release|Any CPU.Build.0 = Release|Any CPU
		{7849EED1-838C-401F-AB87-83F00A64D819}.Release|x64.ActiveCfg = Release|Any CPU
		{7849EED1-838C-401F-AB87-83F00A64D819}.Release|x64.Build.0 = Release|Any CPU
		{7849EED1-838C-401F-AB87-83F00A64D819}.Release|x86.ActiveCfg = Release|Any CPU
		{7849EED1-838C-401F-AB87-83F00A64D819}.Release|x86.Build.0 = Release|Any CPU
		{5037656F-39F9-4FE9-8052-A13858464805}.Debug|Any CPU.ActiveCfg = Debug|Any CPU
		{5037656F-39F9-4FE9-8052-A13858464805}.Debug|Any CPU.Build.0 = Debug|Any CPU
		{5037656F-39F9-4FE9-8052-A13858464805}.Debug|x64.ActiveCfg = Debug|Any CPU
		{5037656F-39F9-4FE9-8052-A13858464805}.Debug|x64.Build.0 = Debug|Any CPU
		{5037656F-39F9-4FE9-8052-A13858464805}.Debug|x86.ActiveCfg = Debug|Any CPU
		{5037656F-39F9-4FE9-8052-A13858464805}.Debug|x86.Build.0 = Debug|Any CPU
		{5037656F-39F9-4FE9-8052-A13858464805}.Release|Any CPU.ActiveCfg = Release|Any CPU
		{5037656F-39F9-4FE9-8052-A13858464805}.Release|Any CPU.Build.0 = Release|Any CPU
		{5037656F-39F9-4FE9-8052-A13858464805}.Release|x64.ActiveCfg = Release|Any CPU
		{5037656F-39F9-4FE9-8052-A13858464805}.Release|x64.Build.0 = Release|Any CPU
		{5037656F-39F9-4FE9-8052-A13858464805}.Release|x86.ActiveCfg = Release|Any CPU
		{5037656F-39F9-4FE9-8052-A13858464805}.Release|x86.Build.0 = Release|Any CPU
		{008291CB-C2AE-4BC4-86FC-68E92331B390}.Debug|Any CPU.ActiveCfg = Debug|Any CPU
		{008291CB-C2AE-4BC4-86FC-68E92331B390}.Debug|Any CPU.Build.0 = Debug|Any CPU
		{008291CB-C2AE-4BC4-86FC-68E92331B390}.Debug|x64.ActiveCfg = Debug|Any CPU
		{008291CB-C2AE-4BC4-86FC-68E92331B390}.Debug|x64.Build.0 = Debug|Any CPU
		{008291CB-C2AE-4BC4-86FC-68E92331B390}.Debug|x86.ActiveCfg = Debug|Any CPU
		{008291CB-C2AE-4BC4-86FC-68E92331B390}.Debug|x86.Build.0 = Debug|Any CPU
		{008291CB-C2AE-4BC4-86FC-68E92331B390}.Release|Any CPU.ActiveCfg = Release|Any CPU
		{008291CB-C2AE-4BC4-86FC-68E92331B390}.Release|Any CPU.Build.0 = Release|Any CPU
		{008291CB-C2AE-4BC4-86FC-68E92331B390}.Release|x64.ActiveCfg = Release|Any CPU
		{008291CB-C2AE-4BC4-86FC-68E92331B390}.Release|x64.Build.0 = Release|Any CPU
		{008291CB-C2AE-4BC4-86FC-68E92331B390}.Release|x86.ActiveCfg = Release|Any CPU
		{008291CB-C2AE-4BC4-86FC-68E92331B390}.Release|x86.Build.0 = Release|Any CPU
		{C2BBBC9C-01C0-40BB-B377-ABD6870C99ED}.Debug|Any CPU.ActiveCfg = Debug|Any CPU
		{C2BBBC9C-01C0-40BB-B377-ABD6870C99ED}.Debug|Any CPU.Build.0 = Debug|Any CPU
		{C2BBBC9C-01C0-40BB-B377-ABD6870C99ED}.Debug|x64.ActiveCfg = Debug|Any CPU
		{C2BBBC9C-01C0-40BB-B377-ABD6870C99ED}.Debug|x64.Build.0 = Debug|Any CPU
		{C2BBBC9C-01C0-40BB-B377-ABD6870C99ED}.Debug|x86.ActiveCfg = Debug|Any CPU
		{C2BBBC9C-01C0-40BB-B377-ABD6870C99ED}.Debug|x86.Build.0 = Debug|Any CPU
		{C2BBBC9C-01C0-40BB-B377-ABD6870C99ED}.Release|Any CPU.ActiveCfg = Release|Any CPU
		{C2BBBC9C-01C0-40BB-B377-ABD6870C99ED}.Release|Any CPU.Build.0 = Release|Any CPU
		{C2BBBC9C-01C0-40BB-B377-ABD6870C99ED}.Release|x64.ActiveCfg = Release|Any CPU
		{C2BBBC9C-01C0-40BB-B377-ABD6870C99ED}.Release|x64.Build.0 = Release|Any CPU
		{C2BBBC9C-01C0-40BB-B377-ABD6870C99ED}.Release|x86.ActiveCfg = Release|Any CPU
		{C2BBBC9C-01C0-40BB-B377-ABD6870C99ED}.Release|x86.Build.0 = Release|Any CPU
		{EAA51915-5155-4E54-BA73-4C5A724B5A10}.Debug|Any CPU.ActiveCfg = Debug|Any CPU
		{EAA51915-5155-4E54-BA73-4C5A724B5A10}.Debug|Any CPU.Build.0 = Debug|Any CPU
		{EAA51915-5155-4E54-BA73-4C5A724B5A10}.Debug|x64.ActiveCfg = Debug|Any CPU
		{EAA51915-5155-4E54-BA73-4C5A724B5A10}.Debug|x64.Build.0 = Debug|Any CPU
		{EAA51915-5155-4E54-BA73-4C5A724B5A10}.Debug|x86.ActiveCfg = Debug|Any CPU
		{EAA51915-5155-4E54-BA73-4C5A724B5A10}.Debug|x86.Build.0 = Debug|Any CPU
		{EAA51915-5155-4E54-BA73-4C5A724B5A10}.Release|Any CPU.ActiveCfg = Release|Any CPU
		{EAA51915-5155-4E54-BA73-4C5A724B5A10}.Release|Any CPU.Build.0 = Release|Any CPU
		{EAA51915-5155-4E54-BA73-4C5A724B5A10}.Release|x64.ActiveCfg = Release|Any CPU
		{EAA51915-5155-4E54-BA73-4C5A724B5A10}.Release|x64.Build.0 = Release|Any CPU
		{EAA51915-5155-4E54-BA73-4C5A724B5A10}.Release|x86.ActiveCfg = Release|Any CPU
		{EAA51915-5155-4E54-BA73-4C5A724B5A10}.Release|x86.Build.0 = Release|Any CPU
		{186B2DD8-D92F-4106-9369-E8023F8FDC42}.Debug|Any CPU.ActiveCfg = Debug|Any CPU
		{186B2DD8-D92F-4106-9369-E8023F8FDC42}.Debug|Any CPU.Build.0 = Debug|Any CPU
		{186B2DD8-D92F-4106-9369-E8023F8FDC42}.Debug|x64.ActiveCfg = Debug|Any CPU
		{186B2DD8-D92F-4106-9369-E8023F8FDC42}.Debug|x64.Build.0 = Debug|Any CPU
		{186B2DD8-D92F-4106-9369-E8023F8FDC42}.Debug|x86.ActiveCfg = Debug|Any CPU
		{186B2DD8-D92F-4106-9369-E8023F8FDC42}.Debug|x86.Build.0 = Debug|Any CPU
		{186B2DD8-D92F-4106-9369-E8023F8FDC42}.Release|Any CPU.ActiveCfg = Release|Any CPU
		{186B2DD8-D92F-4106-9369-E8023F8FDC42}.Release|Any CPU.Build.0 = Release|Any CPU
		{186B2DD8-D92F-4106-9369-E8023F8FDC42}.Release|x64.ActiveCfg = Release|Any CPU
		{186B2DD8-D92F-4106-9369-E8023F8FDC42}.Release|x64.Build.0 = Release|Any CPU
		{186B2DD8-D92F-4106-9369-E8023F8FDC42}.Release|x86.ActiveCfg = Release|Any CPU
		{186B2DD8-D92F-4106-9369-E8023F8FDC42}.Release|x86.Build.0 = Release|Any CPU
		{5674801F-901F-4506-B41E-3EC4C96FE368}.Debug|Any CPU.ActiveCfg = Debug|Any CPU
		{5674801F-901F-4506-B41E-3EC4C96FE368}.Debug|Any CPU.Build.0 = Debug|Any CPU
		{5674801F-901F-4506-B41E-3EC4C96FE368}.Debug|x64.ActiveCfg = Debug|Any CPU
		{5674801F-901F-4506-B41E-3EC4C96FE368}.Debug|x64.Build.0 = Debug|Any CPU
		{5674801F-901F-4506-B41E-3EC4C96FE368}.Debug|x86.ActiveCfg = Debug|Any CPU
		{5674801F-901F-4506-B41E-3EC4C96FE368}.Debug|x86.Build.0 = Debug|Any CPU
		{5674801F-901F-4506-B41E-3EC4C96FE368}.Release|Any CPU.ActiveCfg = Release|Any CPU
		{5674801F-901F-4506-B41E-3EC4C96FE368}.Release|Any CPU.Build.0 = Release|Any CPU
		{5674801F-901F-4506-B41E-3EC4C96FE368}.Release|x64.ActiveCfg = Release|Any CPU
		{5674801F-901F-4506-B41E-3EC4C96FE368}.Release|x64.Build.0 = Release|Any CPU
		{5674801F-901F-4506-B41E-3EC4C96FE368}.Release|x86.ActiveCfg = Release|Any CPU
		{5674801F-901F-4506-B41E-3EC4C96FE368}.Release|x86.Build.0 = Release|Any CPU
		{D6F66AED-223D-4513-AC48-160FE489A689}.Debug|Any CPU.ActiveCfg = Debug|Any CPU
		{D6F66AED-223D-4513-AC48-160FE489A689}.Debug|Any CPU.Build.0 = Debug|Any CPU
		{D6F66AED-223D-4513-AC48-160FE489A689}.Debug|x64.ActiveCfg = Debug|Any CPU
		{D6F66AED-223D-4513-AC48-160FE489A689}.Debug|x64.Build.0 = Debug|Any CPU
		{D6F66AED-223D-4513-AC48-160FE489A689}.Debug|x86.ActiveCfg = Debug|Any CPU
		{D6F66AED-223D-4513-AC48-160FE489A689}.Debug|x86.Build.0 = Debug|Any CPU
		{D6F66AED-223D-4513-AC48-160FE489A689}.Release|Any CPU.ActiveCfg = Release|Any CPU
		{D6F66AED-223D-4513-AC48-160FE489A689}.Release|Any CPU.Build.0 = Release|Any CPU
		{D6F66AED-223D-4513-AC48-160FE489A689}.Release|x64.ActiveCfg = Release|Any CPU
		{D6F66AED-223D-4513-AC48-160FE489A689}.Release|x64.Build.0 = Release|Any CPU
		{D6F66AED-223D-4513-AC48-160FE489A689}.Release|x86.ActiveCfg = Release|Any CPU
		{D6F66AED-223D-4513-AC48-160FE489A689}.Release|x86.Build.0 = Release|Any CPU
		{74E2C7B9-62E3-4277-8920-5A940682EEE0}.Debug|Any CPU.ActiveCfg = Debug|Any CPU
		{74E2C7B9-62E3-4277-8920-5A940682EEE0}.Debug|Any CPU.Build.0 = Debug|Any CPU
		{74E2C7B9-62E3-4277-8920-5A940682EEE0}.Debug|x64.ActiveCfg = Debug|Any CPU
		{74E2C7B9-62E3-4277-8920-5A940682EEE0}.Debug|x64.Build.0 = Debug|Any CPU
		{74E2C7B9-62E3-4277-8920-5A940682EEE0}.Debug|x86.ActiveCfg = Debug|Any CPU
		{74E2C7B9-62E3-4277-8920-5A940682EEE0}.Debug|x86.Build.0 = Debug|Any CPU
		{74E2C7B9-62E3-4277-8920-5A940682EEE0}.Release|Any CPU.ActiveCfg = Release|Any CPU
		{74E2C7B9-62E3-4277-8920-5A940682EEE0}.Release|Any CPU.Build.0 = Release|Any CPU
		{74E2C7B9-62E3-4277-8920-5A940682EEE0}.Release|x64.ActiveCfg = Release|Any CPU
		{74E2C7B9-62E3-4277-8920-5A940682EEE0}.Release|x64.Build.0 = Release|Any CPU
		{74E2C7B9-62E3-4277-8920-5A940682EEE0}.Release|x86.ActiveCfg = Release|Any CPU
		{74E2C7B9-62E3-4277-8920-5A940682EEE0}.Release|x86.Build.0 = Release|Any CPU
		{C593C9E4-89DC-41A4-AAE4-DF5627EC3138}.Debug|Any CPU.ActiveCfg = Debug|Any CPU
		{C593C9E4-89DC-41A4-AAE4-DF5627EC3138}.Debug|Any CPU.Build.0 = Debug|Any CPU
		{C593C9E4-89DC-41A4-AAE4-DF5627EC3138}.Debug|x64.ActiveCfg = Debug|Any CPU
		{C593C9E4-89DC-41A4-AAE4-DF5627EC3138}.Debug|x64.Build.0 = Debug|Any CPU
		{C593C9E4-89DC-41A4-AAE4-DF5627EC3138}.Debug|x86.ActiveCfg = Debug|Any CPU
		{C593C9E4-89DC-41A4-AAE4-DF5627EC3138}.Debug|x86.Build.0 = Debug|Any CPU
		{C593C9E4-89DC-41A4-AAE4-DF5627EC3138}.Release|Any CPU.ActiveCfg = Release|Any CPU
		{C593C9E4-89DC-41A4-AAE4-DF5627EC3138}.Release|Any CPU.Build.0 = Release|Any CPU
		{C593C9E4-89DC-41A4-AAE4-DF5627EC3138}.Release|x64.ActiveCfg = Release|Any CPU
		{C593C9E4-89DC-41A4-AAE4-DF5627EC3138}.Release|x64.Build.0 = Release|Any CPU
		{C593C9E4-89DC-41A4-AAE4-DF5627EC3138}.Release|x86.ActiveCfg = Release|Any CPU
		{C593C9E4-89DC-41A4-AAE4-DF5627EC3138}.Release|x86.Build.0 = Release|Any CPU
		{5F1DE3DC-C1E9-4B26-9EC5-A6AB48D2377F}.Debug|Any CPU.ActiveCfg = Debug|Any CPU
		{5F1DE3DC-C1E9-4B26-9EC5-A6AB48D2377F}.Debug|Any CPU.Build.0 = Debug|Any CPU
		{5F1DE3DC-C1E9-4B26-9EC5-A6AB48D2377F}.Debug|x64.ActiveCfg = Debug|Any CPU
		{5F1DE3DC-C1E9-4B26-9EC5-A6AB48D2377F}.Debug|x64.Build.0 = Debug|Any CPU
		{5F1DE3DC-C1E9-4B26-9EC5-A6AB48D2377F}.Debug|x86.ActiveCfg = Debug|Any CPU
		{5F1DE3DC-C1E9-4B26-9EC5-A6AB48D2377F}.Debug|x86.Build.0 = Debug|Any CPU
		{5F1DE3DC-C1E9-4B26-9EC5-A6AB48D2377F}.Release|Any CPU.ActiveCfg = Release|Any CPU
		{5F1DE3DC-C1E9-4B26-9EC5-A6AB48D2377F}.Release|Any CPU.Build.0 = Release|Any CPU
		{5F1DE3DC-C1E9-4B26-9EC5-A6AB48D2377F}.Release|x64.ActiveCfg = Release|Any CPU
		{5F1DE3DC-C1E9-4B26-9EC5-A6AB48D2377F}.Release|x64.Build.0 = Release|Any CPU
		{5F1DE3DC-C1E9-4B26-9EC5-A6AB48D2377F}.Release|x86.ActiveCfg = Release|Any CPU
		{5F1DE3DC-C1E9-4B26-9EC5-A6AB48D2377F}.Release|x86.Build.0 = Release|Any CPU
		{1AF0D11B-0E8E-49EA-BBD3-58E9D3FD7ADD}.Debug|Any CPU.ActiveCfg = Debug|Any CPU
		{1AF0D11B-0E8E-49EA-BBD3-58E9D3FD7ADD}.Debug|Any CPU.Build.0 = Debug|Any CPU
		{1AF0D11B-0E8E-49EA-BBD3-58E9D3FD7ADD}.Debug|x64.ActiveCfg = Debug|Any CPU
		{1AF0D11B-0E8E-49EA-BBD3-58E9D3FD7ADD}.Debug|x64.Build.0 = Debug|Any CPU
		{1AF0D11B-0E8E-49EA-BBD3-58E9D3FD7ADD}.Debug|x86.ActiveCfg = Debug|Any CPU
		{1AF0D11B-0E8E-49EA-BBD3-58E9D3FD7ADD}.Debug|x86.Build.0 = Debug|Any CPU
		{1AF0D11B-0E8E-49EA-BBD3-58E9D3FD7ADD}.Release|Any CPU.ActiveCfg = Release|Any CPU
		{1AF0D11B-0E8E-49EA-BBD3-58E9D3FD7ADD}.Release|Any CPU.Build.0 = Release|Any CPU
		{1AF0D11B-0E8E-49EA-BBD3-58E9D3FD7ADD}.Release|x64.ActiveCfg = Release|Any CPU
		{1AF0D11B-0E8E-49EA-BBD3-58E9D3FD7ADD}.Release|x64.Build.0 = Release|Any CPU
		{1AF0D11B-0E8E-49EA-BBD3-58E9D3FD7ADD}.Release|x86.ActiveCfg = Release|Any CPU
		{1AF0D11B-0E8E-49EA-BBD3-58E9D3FD7ADD}.Release|x86.Build.0 = Release|Any CPU
		{2C2A5CAE-DE31-44F5-8386-407B8F1BF429}.Debug|Any CPU.ActiveCfg = Debug|Any CPU
		{2C2A5CAE-DE31-44F5-8386-407B8F1BF429}.Debug|Any CPU.Build.0 = Debug|Any CPU
		{2C2A5CAE-DE31-44F5-8386-407B8F1BF429}.Debug|x64.ActiveCfg = Debug|Any CPU
		{2C2A5CAE-DE31-44F5-8386-407B8F1BF429}.Debug|x64.Build.0 = Debug|Any CPU
		{2C2A5CAE-DE31-44F5-8386-407B8F1BF429}.Debug|x86.ActiveCfg = Debug|Any CPU
		{2C2A5CAE-DE31-44F5-8386-407B8F1BF429}.Debug|x86.Build.0 = Debug|Any CPU
		{2C2A5CAE-DE31-44F5-8386-407B8F1BF429}.Release|Any CPU.ActiveCfg = Release|Any CPU
		{2C2A5CAE-DE31-44F5-8386-407B8F1BF429}.Release|Any CPU.Build.0 = Release|Any CPU
		{2C2A5CAE-DE31-44F5-8386-407B8F1BF429}.Release|x64.ActiveCfg = Release|Any CPU
		{2C2A5CAE-DE31-44F5-8386-407B8F1BF429}.Release|x64.Build.0 = Release|Any CPU
		{2C2A5CAE-DE31-44F5-8386-407B8F1BF429}.Release|x86.ActiveCfg = Release|Any CPU
		{2C2A5CAE-DE31-44F5-8386-407B8F1BF429}.Release|x86.Build.0 = Release|Any CPU
		{0E2B5A94-29C5-4D5E-90BB-2A48B11C00F9}.Debug|Any CPU.ActiveCfg = Debug|Any CPU
		{0E2B5A94-29C5-4D5E-90BB-2A48B11C00F9}.Debug|Any CPU.Build.0 = Debug|Any CPU
		{0E2B5A94-29C5-4D5E-90BB-2A48B11C00F9}.Debug|x64.ActiveCfg = Debug|Any CPU
		{0E2B5A94-29C5-4D5E-90BB-2A48B11C00F9}.Debug|x64.Build.0 = Debug|Any CPU
		{0E2B5A94-29C5-4D5E-90BB-2A48B11C00F9}.Debug|x86.ActiveCfg = Debug|Any CPU
		{0E2B5A94-29C5-4D5E-90BB-2A48B11C00F9}.Debug|x86.Build.0 = Debug|Any CPU
		{0E2B5A94-29C5-4D5E-90BB-2A48B11C00F9}.Release|Any CPU.ActiveCfg = Release|Any CPU
		{0E2B5A94-29C5-4D5E-90BB-2A48B11C00F9}.Release|Any CPU.Build.0 = Release|Any CPU
		{0E2B5A94-29C5-4D5E-90BB-2A48B11C00F9}.Release|x64.ActiveCfg = Release|Any CPU
		{0E2B5A94-29C5-4D5E-90BB-2A48B11C00F9}.Release|x64.Build.0 = Release|Any CPU
		{0E2B5A94-29C5-4D5E-90BB-2A48B11C00F9}.Release|x86.ActiveCfg = Release|Any CPU
		{0E2B5A94-29C5-4D5E-90BB-2A48B11C00F9}.Release|x86.Build.0 = Release|Any CPU
		{B963A89A-453E-4A1A-916B-163F02BE63EA}.Debug|Any CPU.ActiveCfg = Debug|Any CPU
		{B963A89A-453E-4A1A-916B-163F02BE63EA}.Debug|Any CPU.Build.0 = Debug|Any CPU
		{B963A89A-453E-4A1A-916B-163F02BE63EA}.Debug|x64.ActiveCfg = Debug|Any CPU
		{B963A89A-453E-4A1A-916B-163F02BE63EA}.Debug|x64.Build.0 = Debug|Any CPU
		{B963A89A-453E-4A1A-916B-163F02BE63EA}.Debug|x86.ActiveCfg = Debug|Any CPU
		{B963A89A-453E-4A1A-916B-163F02BE63EA}.Debug|x86.Build.0 = Debug|Any CPU
		{B963A89A-453E-4A1A-916B-163F02BE63EA}.Release|Any CPU.ActiveCfg = Release|Any CPU
		{B963A89A-453E-4A1A-916B-163F02BE63EA}.Release|Any CPU.Build.0 = Release|Any CPU
		{B963A89A-453E-4A1A-916B-163F02BE63EA}.Release|x64.ActiveCfg = Release|Any CPU
		{B963A89A-453E-4A1A-916B-163F02BE63EA}.Release|x64.Build.0 = Release|Any CPU
		{B963A89A-453E-4A1A-916B-163F02BE63EA}.Release|x86.ActiveCfg = Release|Any CPU
		{B963A89A-453E-4A1A-916B-163F02BE63EA}.Release|x86.Build.0 = Release|Any CPU
		{F958EF28-F715-4FB4-8A44-1324BD2F22EF}.Debug|Any CPU.ActiveCfg = Debug|Any CPU
		{F958EF28-F715-4FB4-8A44-1324BD2F22EF}.Debug|Any CPU.Build.0 = Debug|Any CPU
		{F958EF28-F715-4FB4-8A44-1324BD2F22EF}.Debug|x64.ActiveCfg = Debug|Any CPU
		{F958EF28-F715-4FB4-8A44-1324BD2F22EF}.Debug|x64.Build.0 = Debug|Any CPU
		{F958EF28-F715-4FB4-8A44-1324BD2F22EF}.Debug|x86.ActiveCfg = Debug|Any CPU
		{F958EF28-F715-4FB4-8A44-1324BD2F22EF}.Debug|x86.Build.0 = Debug|Any CPU
		{F958EF28-F715-4FB4-8A44-1324BD2F22EF}.Release|Any CPU.ActiveCfg = Release|Any CPU
		{F958EF28-F715-4FB4-8A44-1324BD2F22EF}.Release|Any CPU.Build.0 = Release|Any CPU
		{F958EF28-F715-4FB4-8A44-1324BD2F22EF}.Release|x64.ActiveCfg = Release|Any CPU
		{F958EF28-F715-4FB4-8A44-1324BD2F22EF}.Release|x64.Build.0 = Release|Any CPU
		{F958EF28-F715-4FB4-8A44-1324BD2F22EF}.Release|x86.ActiveCfg = Release|Any CPU
		{F958EF28-F715-4FB4-8A44-1324BD2F22EF}.Release|x86.Build.0 = Release|Any CPU
	EndGlobalSection
	GlobalSection(SolutionProperties) = preSolution
		HideSolutionNode = FALSE
	EndGlobalSection
	GlobalSection(NestedProjects) = preSolution
		{1A49DFCF-26FE-5C94-962C-B8495F8C0016} = {827E0CD3-B72D-47B6-A68D-7590B98EB39B}
		{93975713-56E5-464A-8263-9D5A90DF1F15} = {827E0CD3-B72D-47B6-A68D-7590B98EB39B}
		{135A9F7D-D058-44FE-A9D1-266E3E9B23CE} = {827E0CD3-B72D-47B6-A68D-7590B98EB39B}
		{DDA9CD74-7357-4AD3-BA53-362C54E26EAC} = {827E0CD3-B72D-47B6-A68D-7590B98EB39B}
		{E23D7649-668A-4C88-9DE7-D4CA9135A058} = {827E0CD3-B72D-47B6-A68D-7590B98EB39B}
		{75430043-593E-4505-B287-68A43CB93F0C} = {827E0CD3-B72D-47B6-A68D-7590B98EB39B}
		{76F3A22F-D138-4183-A9B4-64EBD5AC7D68} = {827E0CD3-B72D-47B6-A68D-7590B98EB39B}
		{E45ACE65-1372-4FF2-9464-BE5E9B899EAA} = {CEA09484-30F6-4D44-02F6-822E06DBC57C}
		{ECA3B0B7-2308-48F4-B199-8AAD00D434B1} = {CEA09484-30F6-4D44-02F6-822E06DBC57C}
		{56F3B94B-1C64-4F15-B0D4-A71CF19A81FC} = {CEA09484-30F6-4D44-02F6-822E06DBC57C}
		{E0B20132-D75A-4A2F-8E1E-6D1ABB85C1C0} = {CEA09484-30F6-4D44-02F6-822E06DBC57C}
		{D2A8392D-3D35-4BAB-AE84-56A2B0FD05E5} = {CEA09484-30F6-4D44-02F6-822E06DBC57C}
		{8EA6B607-4F41-4E35-9BC1-6C60E563A011} = {CEA09484-30F6-4D44-02F6-822E06DBC57C}
		{2F57E1EA-BE74-4F6B-887E-F8D89D5A7D07} = {CEA09484-30F6-4D44-02F6-822E06DBC57C}
		{73341607-B8BB-479B-A9EC-497EB8CEE83C} = {CEA09484-30F6-4D44-02F6-822E06DBC57C}
		{301B127D-58C7-48A9-83FD-3E10A95A5F5C} = {827E0CD3-B72D-47B6-A68D-7590B98EB39B}
		{CDD2B6FF-7A55-4E85-8AFA-538ACDEB318E} = {CEA09484-30F6-4D44-02F6-822E06DBC57C}
		{2B0B52B3-3597-47C1-96D5-D6C652C53223} = {827E0CD3-B72D-47B6-A68D-7590B98EB39B}
		{44C7A429-D91A-4CBC-A0F3-7B7DEBC3BF87} = {CEA09484-30F6-4D44-02F6-822E06DBC57C}
		{1F38A7A5-453D-4B6D-AC6A-84164776EAEC} = {CEA09484-30F6-4D44-02F6-822E06DBC57C}
		{6C461445-B15E-4D18-8E65-306E9E02D7A8} = {CEA09484-30F6-4D44-02F6-822E06DBC57C}
		{EA1DF6DE-B585-4631-9D00-0C65EE0B7BFA} = {827E0CD3-B72D-47B6-A68D-7590B98EB39B}
		{7849EED1-838C-401F-AB87-83F00A64D819} = {827E0CD3-B72D-47B6-A68D-7590B98EB39B}
		{5037656F-39F9-4FE9-8052-A13858464805} = {827E0CD3-B72D-47B6-A68D-7590B98EB39B}
		{008291CB-C2AE-4BC4-86FC-68E92331B390} = {827E0CD3-B72D-47B6-A68D-7590B98EB39B}
		{C2BBBC9C-01C0-40BB-B377-ABD6870C99ED} = {CEA09484-30F6-4D44-02F6-822E06DBC57C}
		{EAA51915-5155-4E54-BA73-4C5A724B5A10} = {827E0CD3-B72D-47B6-A68D-7590B98EB39B}
		{186B2DD8-D92F-4106-9369-E8023F8FDC42} = {CEA09484-30F6-4D44-02F6-822E06DBC57C}
		{5674801F-901F-4506-B41E-3EC4C96FE368} = {827E0CD3-B72D-47B6-A68D-7590B98EB39B}
		{D6F66AED-223D-4513-AC48-160FE489A689} = {CEA09484-30F6-4D44-02F6-822E06DBC57C}
		{74E2C7B9-62E3-4277-8920-5A940682EEE0} = {CEA09484-30F6-4D44-02F6-822E06DBC57C}
		{C593C9E4-89DC-41A4-AAE4-DF5627EC3138} = {CEA09484-30F6-4D44-02F6-822E06DBC57C}
		{5F1DE3DC-C1E9-4B26-9EC5-A6AB48D2377F} = {CEA09484-30F6-4D44-02F6-822E06DBC57C}
		{1AF0D11B-0E8E-49EA-BBD3-58E9D3FD7ADD} = {CEA09484-30F6-4D44-02F6-822E06DBC57C}
		{2C2A5CAE-DE31-44F5-8386-407B8F1BF429} = {827E0CD3-B72D-47B6-A68D-7590B98EB39B}
		{0E2B5A94-29C5-4D5E-90BB-2A48B11C00F9} = {CEA09484-30F6-4D44-02F6-822E06DBC57C}
		{B963A89A-453E-4A1A-916B-163F02BE63EA} = {827E0CD3-B72D-47B6-A68D-7590B98EB39B}
		{F958EF28-F715-4FB4-8A44-1324BD2F22EF} = {CEA09484-30F6-4D44-02F6-822E06DBC57C}
	EndGlobalSection
	GlobalSection(ExtensibilityGlobals) = postSolution
		SolutionGuid = {0C735CF3-94E4-4C6A-90C1-DF042AF9CEA5}
	EndGlobalSection
EndGlobal
